{
    "_meta": {
        "hash": {
            "sha256": "78b4618b7f45b482c57ea25585a6183130c5f68162aed8047a865b098f28df1f"
        },
        "pipfile-spec": 6,
        "requires": {
            "python_version": "3.12"
        },
        "sources": [
            {
                "name": "pypi",
                "url": "https://pypi.org/simple",
                "verify_ssl": true
            }
        ]
    },
    "default": {
        "imageio": {
            "hashes": [
                "sha256:11efa15b87bc7871b61590326b2d635439acc321cf7f8ce996f812543ce10eed",
                "sha256:71b57b3669666272c818497aebba2b4c5f20d5b37c81720e5e1a56d59c492996"
            ],
            "markers": "python_version >= '3.9'",
            "version": "==2.37.0"
        },
        "lazy-loader": {
            "hashes": [
                "sha256:342aa8e14d543a154047afb4ba8ef17f5563baad3fc610d7b15b213b0f119efc",
                "sha256:47c75182589b91a4e1a85a136c074285a5ad4d9f39c63e0d7fb76391c4574cd1"
            ],
            "markers": "python_version >= '3.7'",
            "version": "==0.4"
        },
        "networkx": {
            "hashes": [
                "sha256:307c3669428c5362aab27c8a1260aa8f47c4e91d3891f48be0141738d8d053e1",
                "sha256:df5d4365b724cf81b8c6a7312509d0c22386097011ad1abe274afd5e9d3bbc5f"
            ],
            "markers": "python_version >= '3.10'",
            "version": "==3.4.2"
        },
        "numpy": {
            "hashes": [
                "sha256:0200b25c687033316fb39f0ff4e3e690e8957a2c3c8d22499891ec58c37a3eb5",
                "sha256:0448e7f9caefb34b4b7dd2b77f21e8906e5d6f0365ad525f9f4f530b13df2afc",
                "sha256:0a195f4216be9305a73c0e91c9b026a35f2161237cf1c6de9b681637772ea657",
                "sha256:0a60e17a14d640f49146cb38e3f105f571318db7826d9b6fef7e4dce758faecd",
                "sha256:120df8c0a81ebbf5b9020c91439fccd85f5e018a927a39f624845be194a2be02",
                "sha256:148d59127ac95979d6f07e4d460f934ebdd6eed641db9c0db6c73026f2b2101a",
                "sha256:1ec84fd7c8e652b0f4aaaf2e6e9cc8eaa9b1b80a537e06b2e3a2fb176eedcb26",
                "sha256:22654fe6be0e5206f553a9250762c653d3698e46686eee53b399ab90da59bd92",
                "sha256:22c31dc07025123aedf7f2db9e91783df13f1776dc52c6b22c620870dc0fab22",
                "sha256:23b46bb6d8ecb68b58c09944483c135ae5f0e9b8d8858ece5e4ead783771d2a9",
                "sha256:2629289168f4897a3c4e23dc98d6f1731f0fc0fe52fb9db19f974041e4cc12b9",
                "sha256:26952e18d82a1dbbc2f008d402021baa8d6fc8e84347a2072a25e08b46d698b9",
                "sha256:29363fbfa6f8ee855d7569c96ce524845e3d726d6c19b29eceec7dd555dab152",
                "sha256:297837823f5bc572c5f9379b0c9f3a3365f08492cbdc33bcc3af174372ebb168",
                "sha256:2abad5c7fef172b3377502bde47892439bae394a71bc329f31df0fd829b41a9e",
                "sha256:2b3f8d2c4589b1a2028d2a770b0fc4d1f332fb5e01521f4de3199a896d158ddd",
                "sha256:2ddb7919366ee468342b91dea2352824c25b55814a987847b6c52003a7c97f15",
                "sha256:2e03c05abaee1f672e9d67bc858f300b5ccba1c21397211e8d77d98350972093",
                "sha256:32e3bef222ad6b052280311d1d60db8e259e4947052c3ae7dd6817451fc8a4c5",
                "sha256:33b3bf58ee84b172c067f56aeadc7ee9ab6de69c5e800ab5b10295d54c581adb",
                "sha256:45f003dbdffb997a03da2d1d0cb41fbd24a87507fb41605c0420a3db5bd4667b",
                "sha256:483a201202b73495f00dbc83796c6ae63137a9bdade074f7648b3e32613412dd",
                "sha256:48da3a4ee1336454b07497ff7ec83903efa5505792c4e6d9bf83d99dc07a1e18",
                "sha256:4b42639cdde6d24e732ff823a3fa5b701d8acad89c4142bc1d0bd6dc85200ba5",
                "sha256:4bd4741a6a676770e0e97fe9ab2e51de01183df3dcbcec591d26d331a40de950",
                "sha256:4d382735cecd7bcf090172489a525cd7d4087bc331f7df9f60ddc9a296cf208e",
                "sha256:52077feedeff7c76ed7c9f1a0428558e50825347b7545bbb8523da2cd55c547a",
                "sha256:54f29b877279d51e210e0c80709ee14ccbbad647810e8f3d375561c45ef613dd",
                "sha256:5884ce5c7acfae1e4e1b6fde43797d10aa506074d25b531b4f54bde33c0c31d4",
                "sha256:5e10da9e93247e554bb1d22f8edc51847ddd7dde52d85ce31024c1b4312bfba0",
                "sha256:61b0cbabbb6126c8df63b9a3a0c4b1f44ebca5e12ff6997b80fcf267fb3150ef",
                "sha256:65f3c2455188f09678355f5cae1f959a06b778bc66d535da07bf2ef20cd319d5",
                "sha256:679f2a834bae9020f81534671c56fd0cc76dd7e5182f57131478e23d0dc59e24",
                "sha256:6bd06731541f89cdc01b261ba2c9e037f1543df7472517836b78dfb15bd6e476",
                "sha256:715de7f82e192e8cae5a507a347d97ad17598f8e026152ca97233e3666daaa71",
                "sha256:737f630a337364665aba3b5a77e56a68cc42d350edd010c345d65a3efa3addcc",
                "sha256:7395e69ff32526710748f92cd8c9849b361830968ea3e24a676f272653e8983e",
                "sha256:76dbb9d4e43c16cf9aa711fcd8de1e2eeb27539dcefb60a1d5e9f12fae1d1ed8",
                "sha256:76f0f283506c28b12bba319c0fab98217e9f9b54e6160e9c79e9f7348ba32e9c",
                "sha256:77e76d932c49a75617c6d13464e41203cd410956614d0a0e999b25e9e8d27eec",
                "sha256:7aa4e54f6469300ebca1d9eb80acd5253cdfa36f2c03d79a35883687da430875",
                "sha256:7d1ce23cce91fcea443320a9d0ece9b9305d4368875bab09538f7a5b4131938a",
                "sha256:7e58765ad74dcebd3ef0208a5078fba32dc8ec3578fe84a604432950cd043d79",
                "sha256:7f3408ff897f8ab07a07fbe2823d7aee6ff644c097cc1f90382511fe982f647f",
                "sha256:8ba7b51e71c05aa1f9bc3641463cd82308eab40ce0d5c7e1fd4038cbf9938147",
                "sha256:8e236dbda4e1d319d681afcbb136c0c4a8e0f1a5c58ceec2adebb547357fe857",
                "sha256:94f3c4a151a2e529adf49c1d54f0f57ff8f9b233ee4d44af623a81553ab86368",
                "sha256:9684823a78a6cd6ad7511fc5e25b07947d1d5b5e2812c93fe99d7d4195130720",
                "sha256:a016db5c5dba78fa8fe9f5d80d6708f9c42ab087a739803c0ac83a43d686a470",
                "sha256:a111698b4a3f8dcbe54c64a7708f049355abd603e619013c346553c1fd4ca90b",
                "sha256:a1988292870c7cb9d0ebb4cc96b4d447513a9644801de54606dc7aabf2b7d920",
                "sha256:a315e5234d88067f2d97e1f2ef670a7569df445d55400f1e33d117418d008d52",
                "sha256:a749547700de0a20a6718293396ec237bb38218049cfce788e08fcb716e8cf73",
                "sha256:a97cbf7e905c435865c2d939af3d93f99d18eaaa3cabe4256f4304fb51604349",
                "sha256:abdce0f71dcb4a00e4e77f3faf05e4616ceccfe72ccaa07f47ee79cda3b7b0f4",
                "sha256:b346845443716c8e542d54112966383b448f4a3ba5c66409771b8c0889485dd3",
                "sha256:b44fd60341c4d9783039598efadd03617fa28d041fc37d22b62d08f2027fa0e7",
                "sha256:bb2e3cf95854233799013779216c57e153c1ee67a0bf92138acca0e429aefaee",
                "sha256:bc71942c789ef415a37f0d4eab90341425a00d538cd0642445d30b41023d3395",
                "sha256:be3b8487d725a77acccc9924f65fd8bce9af7fac8c9820df1049424a2115af6c",
                "sha256:c59020932feb24ed49ffd03704fbab89f22aa9c0d4b180ff45542fe8918f5611",
                "sha256:c6b124bfcafb9e8d3ed09130dbee44848c20b3e758b6bbf006e641778927c028",
                "sha256:c9619741e9da2059cd9c3f206110b97583c7152c1dc9f8aafd4beb450ac1c89d",
                "sha256:cd32fbacb9fd1bf041bf8e89e4576b6f00b895f06d00914820ae06a616bdfef7",
                "sha256:d1b90d840b25874cf5cd20c219af10bac3667db3876d9a495609273ebe679070",
                "sha256:d213c7e6e8d211888cc359bab7199670a00f5b82c0978b9d1c75baf1eddbeac0",
                "sha256:d5f51900414fc9204a0e0da158ba2ac52b75656e7dce7e77fb9f84bfa343b4cc",
                "sha256:d71e379452a2f670ccb689ec801b1218cd3983e253105d6e83780967e899d687",
                "sha256:d84f0f881cb2225c2dfd7f78a10a5645d487a496c6668d6cc39f0f114164f3d0",
                "sha256:decb0eb8a53c3b009b0962378065589685d66b23467ef5dac16cbe818afde27f",
                "sha256:e7dd01a46700b1967487141a66ac1a3cf0dd8ebf1f08db37d46389401512ca97",
                "sha256:eb610595dd91560905c132c709412b512135a60f1851ccbd2c959e136431ff67"
            ],
            "index": "pypi",
            "markers": "python_version >= '3.11'",
            "version": "==2.4.3"
        },
        "opencv-python": {
            "hashes": [
                "sha256:1150b8f1947761b848bbfa9c96ceba8877743ffef157c08a04af6f7717ddd709",
                "sha256:458a00f2ba47a877eca385be3e7bcc45e6d30a4361d107ce73c1800f516dab09",
                "sha256:526bde4c33a86808a751e2bb57bf4921beb49794621810971926c472897f6433",
                "sha256:58803f8b05b51d8a785e2306d83b44173b32536f980342f3bc76d8c122b5938d",
                "sha256:9911581e37b24169e4842069ff01d6645ea2bc4af7e10a022d9ebe340fd035ec",
                "sha256:a5354e8b161409fce7710ba4c1cfe88b7bb460d97f705dc4e714a1636616f87d",
                "sha256:d557cbf0c7818081c9acf56585b68e781af4f00638971f75eaa3de70904a6314",
                "sha256:d6716f16149b04eea52f953b8ca983d60dd9cd4872c1fd5113f6e2fcebb90e93"
            ],
            "index": "pypi",
            "markers": "python_version >= '3.6'",
            "version": "==4.13.0.90"
        },
        "packaging": {
            "hashes": [
                "sha256:09abb1bccd265c01f4a3aa3f7a7db064b36514d2cba19a2f694fe6150451a759",
                "sha256:c228a6dc5e932d346bc5739379109d49e8853dd8223571c7c5b55260edc0b97f"
            ],
            "markers": "python_version >= '3.8'",
            "version": "==24.2"
        },
        "pillow": {
            "hashes": [
                "sha256:015c6e863faa4779251436db398ae75051469f7c903b043a48f078e437656f83",
                "sha256:0a2f91f8a8b367e7a57c6e91cd25af510168091fb89ec5146003e424e1558a96",
                "sha256:11633d58b6ee5733bde153a8dafd25e505ea3d32e261accd388827ee987baf65",
                "sha256:2062ffb1d36544d42fcaa277b069c88b01bb7298f4efa06731a7fd6cc290b81a",
                "sha256:31eba6bbdd27dde97b0174ddf0297d7a9c3a507a8a1480e1e60ef914fe23d352",
                "sha256:3362c6ca227e65c54bf71a5f88b3d4565ff1bcbc63ae72c34b07bbb1cc59a43f",
                "sha256:368da70808b36d73b4b390a8ffac11069f8a5c85f29eff1f1b01bcf3ef5b2a20",
                "sha256:36ba10b9cb413e7c7dfa3e189aba252deee0602c86c309799da5a74009ac7a1c",
                "sha256:3764d53e09cdedd91bee65c2527815d315c6b90d7b8b79759cc48d7bf5d4f114",
                "sha256:3a5fe20a7b66e8135d7fd617b13272626a28278d0e578c98720d9ba4b2439d49",
                "sha256:3cdcdb0b896e981678eee140d882b70092dac83ac1cdf6b3a60e2216a73f2b91",
                "sha256:4637b88343166249fe8aa94e7c4a62a180c4b3898283bb5d3d2fd5fe10d8e4e0",
                "sha256:4db853948ce4e718f2fc775b75c37ba2efb6aaea41a1a5fc57f0af59eee774b2",
                "sha256:4dd43a78897793f60766563969442020e90eb7847463eca901e41ba186a7d4a5",
                "sha256:54251ef02a2309b5eec99d151ebf5c9904b77976c8abdcbce7891ed22df53884",
                "sha256:54ce1c9a16a9561b6d6d8cb30089ab1e5eb66918cb47d457bd996ef34182922e",
                "sha256:593c5fd6be85da83656b93ffcccc2312d2d149d251e98588b14fbc288fd8909c",
                "sha256:5bb94705aea800051a743aa4874bb1397d4695fb0583ba5e425ee0328757f196",
                "sha256:67cd427c68926108778a9005f2a04adbd5e67c442ed21d95389fe1d595458756",
                "sha256:70ca5ef3b3b1c4a0812b5c63c57c23b63e53bc38e758b37a951e5bc466449861",
                "sha256:73ddde795ee9b06257dac5ad42fcb07f3b9b813f8c1f7f870f402f4dc54b5269",
                "sha256:758e9d4ef15d3560214cddbc97b8ef3ef86ce04d62ddac17ad39ba87e89bd3b1",
                "sha256:7d33d2fae0e8b170b6a6c57400e077412240f6f5bb2a342cf1ee512a787942bb",
                "sha256:7fdadc077553621911f27ce206ffcbec7d3f8d7b50e0da39f10997e8e2bb7f6a",
                "sha256:8000376f139d4d38d6851eb149b321a52bb8893a88dae8ee7d95840431977081",
                "sha256:837060a8599b8f5d402e97197d4924f05a2e0d68756998345c829c33186217b1",
                "sha256:89dbdb3e6e9594d512780a5a1c42801879628b38e3efc7038094430844e271d8",
                "sha256:8c730dc3a83e5ac137fbc92dfcfe1511ce3b2b5d7578315b63dbbb76f7f51d90",
                "sha256:8e275ee4cb11c262bd108ab2081f750db2a1c0b8c12c1897f27b160c8bd57bbc",
                "sha256:9044b5e4f7083f209c4e35aa5dd54b1dd5b112b108648f5c902ad586d4f945c5",
                "sha256:93a18841d09bcdd774dcdc308e4537e1f867b3dec059c131fde0327899734aa1",
                "sha256:9409c080586d1f683df3f184f20e36fb647f2e0bc3988094d4fd8c9f4eb1b3b3",
                "sha256:96f82000e12f23e4f29346e42702b6ed9a2f2fea34a740dd5ffffcc8c539eb35",
                "sha256:9aa9aeddeed452b2f616ff5507459e7bab436916ccb10961c4a382cd3e03f47f",
                "sha256:9ee85f0696a17dd28fbcfceb59f9510aa71934b483d1f5601d1030c3c8304f3c",
                "sha256:a07dba04c5e22824816b2615ad7a7484432d7f540e6fa86af60d2de57b0fcee2",
                "sha256:a3cd561ded2cf2bbae44d4605837221b987c216cff94f49dfeed63488bb228d2",
                "sha256:a697cd8ba0383bba3d2d3ada02b34ed268cb548b369943cd349007730c92bddf",
                "sha256:a76da0a31da6fcae4210aa94fd779c65c75786bc9af06289cd1c184451ef7a65",
                "sha256:a85b653980faad27e88b141348707ceeef8a1186f75ecc600c395dcac19f385b",
                "sha256:a8d65b38173085f24bc07f8b6c505cbb7418009fa1a1fcb111b1f4961814a442",
                "sha256:aa8dd43daa836b9a8128dbe7d923423e5ad86f50a7a14dc688194b7be5c0dea2",
                "sha256:ab8a209b8485d3db694fa97a896d96dd6533d63c22829043fd9de627060beade",
                "sha256:abc56501c3fd148d60659aae0af6ddc149660469082859fa7b066a298bde9482",
                "sha256:ad5db5781c774ab9a9b2c4302bbf0c1014960a0a7be63278d13ae6fdf88126fe",
                "sha256:ae98e14432d458fc3de11a77ccb3ae65ddce70f730e7c76140653048c71bfcbc",
                "sha256:b20be51b37a75cc54c2c55def3fa2c65bb94ba859dde241cd0a4fd302de5ae0a",
                "sha256:b523466b1a31d0dcef7c5be1f20b942919b62fd6e9a9be199d035509cbefc0ec",
                "sha256:b5d658fbd9f0d6eea113aea286b21d3cd4d3fd978157cbf2447a6035916506d3",
                "sha256:b6123aa4a59d75f06e9dd3dac5bf8bc9aa383121bb3dd9a7a612e05eabc9961a",
                "sha256:bd165131fd51697e22421d0e467997ad31621b74bfc0b75956608cb2906dda07",
                "sha256:bf902d7413c82a1bfa08b06a070876132a5ae6b2388e2712aab3a7cbc02205c6",
                "sha256:c12fc111ef090845de2bb15009372175d76ac99969bdf31e2ce9b42e4b8cd88f",
                "sha256:c1eec9d950b6fe688edee07138993e54ee4ae634c51443cfb7c1e7613322718e",
                "sha256:c640e5a06869c75994624551f45e5506e4256562ead981cce820d5ab39ae2192",
                "sha256:cc1331b6d5a6e144aeb5e626f4375f5b7ae9934ba620c0ac6b3e43d5e683a0f0",
                "sha256:cfd5cd998c2e36a862d0e27b2df63237e67273f2fc78f47445b14e73a810e7e6",
                "sha256:d3d8da4a631471dfaf94c10c85f5277b1f8e42ac42bade1ac67da4b4a7359b73",
                "sha256:d44ff19eea13ae4acdaaab0179fa68c0c6f2f45d66a4d8ec1eda7d6cecbcc15f",
                "sha256:dd0052e9db3474df30433f83a71b9b23bd9e4ef1de13d92df21a52c0303b8ab6",
                "sha256:dd0e081319328928531df7a0e63621caf67652c8464303fd102141b785ef9547",
                "sha256:dda60aa465b861324e65a78c9f5cf0f4bc713e4309f83bc387be158b077963d9",
                "sha256:e06695e0326d05b06833b40b7ef477e475d0b1ba3a6d27da1bb48c23209bf457",
                "sha256:e1abe69aca89514737465752b4bcaf8016de61b3be1397a8fc260ba33321b3a8",
                "sha256:e267b0ed063341f3e60acd25c05200df4193e15a4a5807075cd71225a2386e26",
                "sha256:e5449ca63da169a2e6068dd0e2fcc8d91f9558aba89ff6d02121ca8ab11e79e5",
                "sha256:e63e4e5081de46517099dc30abe418122f54531a6ae2ebc8680bcd7096860eab",
                "sha256:f189805c8be5ca5add39e6f899e6ce2ed824e65fb45f3c28cb2841911da19070",
                "sha256:f7955ecf5609dee9442cbface754f2c6e541d9e6eda87fad7f7a989b0bdb9d71",
                "sha256:f86d3a7a9af5d826744fabf4afd15b9dfef44fe69a98541f666f66fbb8d3fef9",
                "sha256:fbd43429d0d7ed6533b25fc993861b8fd512c42d04514a0dd6337fb3ccf22761"
            ],
            "index": "pypi",
            "markers": "python_version >= '3.9'",
            "version": "==11.1.0"
        },
        "scikit-image": {
            "hashes": [
                "sha256:24cc986e1f4187a12aa319f777b36008764e856e5013666a4a83f8df083c2641",
                "sha256:28182a9d3e2ce3c2e251383bdda68f8d88d9fff1a3ebe1eb61206595c9773341",
                "sha256:330d061bd107d12f8d68f1d611ae27b3b813b8cdb0300a71d07b1379178dd4cd",
                "sha256:483bd8cc10c3d8a7a37fae36dfa5b21e239bd4ee121d91cad1f81bba10cfb0ed",
                "sha256:5c311069899ce757d7dbf1d03e32acb38bb06153236ae77fcd820fd62044c063",
                "sha256:60516257c5a2d2f74387c502aa2f15a0ef3498fbeaa749f730ab18f0a40fd054",
                "sha256:64785a8acefee460ec49a354706db0b09d1f325674107d7fa3eadb663fb56d6f",
                "sha256:7efa888130f6c548ec0439b1a7ed7295bc10105458a421e9bf739b457730b6da",
                "sha256:8db8dd03663112783221bf01ccfc9512d1cc50ac9b5b0fe8f4023967564719fb",
                "sha256:9d1e80107bcf2bf1291acfc0bf0425dceb8890abe9f38d8e94e23497cbf7ee0d",
                "sha256:a17e17eb8562660cc0d31bb55643a4da996a81944b82c54805c91b3fe66f4824",
                "sha256:a4c464b90e978d137330be433df4e76d92ad3c5f46a22f159520ce0fdbea8a09",
                "sha256:b2cfc96b27afe9a05bc92f8c6235321d3a66499995675b27415e0d0c76625173",
                "sha256:b4f6b61fc2db6340696afe3db6b26e0356911529f5f6aee8c322aa5157490c9b",
                "sha256:b8abd3c805ce6944b941cfed0406d88faeb19bab3ed3d4b50187af55cf24d147",
                "sha256:bdd2b8c1de0849964dbc54037f36b4e9420157e67e45a8709a80d727f52c7da2",
                "sha256:be455aa7039a6afa54e84f9e38293733a2622b8c2fb3362b822d459cc5605e99",
                "sha256:d3278f586793176599df6a4cf48cb6beadae35c31e58dc01a98023af3dc31c78",
                "sha256:d989d64ff92e0c6c0f2018c7495a5b20e2451839299a018e0e5108b2680f71e0",
                "sha256:dd8011efe69c3641920614d550f5505f83658fe33581e49bed86feab43a180fc",
                "sha256:e5a37e6cd4d0c018a7a55b9d601357e3382826d3888c10d0213fc63bff977dde",
                "sha256:f4bac9196fb80d37567316581c6060763b0f4893d3aca34a9ede3825bc035b17"
            ],
            "index": "pypi",
            "markers": "python_version >= '3.10'",
            "version": "==0.25.2"
        },
        "scipy": {
            "hashes": [
                "sha256:01edfac9f0798ad6b46d9c4c9ca0e0ad23dbf0b1eb70e96adb9fa7f525eff0bf",
                "sha256:03205d57a28e18dfd39f0377d5002725bf1f19a46f444108c29bdb246b6c8a11",
                "sha256:08b57a9336b8e79b305a143c3655cc5bdbe6d5ece3378578888d2afbb51c4e37",
                "sha256:11e7ad32cf184b74380f43d3c0a706f49358b904fa7d5345f16ddf993609184d",
                "sha256:28a0d2c2075946346e4408b211240764759e0fabaeb08d871639b5f3b1aca8a0",
                "sha256:2b871df1fe1a3ba85d90e22742b93584f8d2b8e6124f8372ab15c71b73e428b8",
                "sha256:302093e7dfb120e55515936cb55618ee0b895f8bcaf18ff81eca086c17bd80af",
                "sha256:42dabaaa798e987c425ed76062794e93a243be8f0f20fff6e7a89f4d61cb3d40",
                "sha256:447ce30cee6a9d5d1379087c9e474628dab3db4a67484be1b7dc3196bfb2fac9",
                "sha256:4c6676490ad76d1c2894d77f976144b41bd1a4052107902238047fb6a473e971",
                "sha256:54c462098484e7466362a9f1672d20888f724911a74c22ae35b61f9c5919183d",
                "sha256:597a0c7008b21c035831c39927406c6181bcf8f60a73f36219b69d010aa04737",
                "sha256:5a6fd6eac1ce74a9f77a7fc724080d507c5812d61e72bd5e4c489b042455865e",
                "sha256:5ea7ed46d437fc52350b028b1d44e002646e28f3e8ddc714011aaf87330f2f32",
                "sha256:601881dfb761311045b03114c5fe718a12634e5608c3b403737ae463c9885d53",
                "sha256:62ca1ff3eb513e09ed17a5736929429189adf16d2d740f44e53270cc800ecff1",
                "sha256:69ea6e56d00977f355c0f84eba69877b6df084516c602d93a33812aa04d90a3d",
                "sha256:6a8e34cf4c188b6dd004654f88586d78f95639e48a25dfae9c5e34a6dc34547e",
                "sha256:6d0194c37037707b2afa7a2f2a924cf7bac3dc292d51b6a925e5fcb89bc5c776",
                "sha256:6f223753c6ea76983af380787611ae1291e3ceb23917393079dcc746ba60cfb5",
                "sha256:6f5e296ec63c5da6ba6fa0343ea73fd51b8b3e1a300b0a8cae3ed4b1122c7462",
                "sha256:7cd5b77413e1855351cdde594eca99c1f4a588c2d63711388b6a1f1c01f62274",
                "sha256:869269b767d5ee7ea6991ed7e22b3ca1f22de73ab9a49c44bad338b725603301",
                "sha256:87994da02e73549dfecaed9e09a4f9d58a045a053865679aeb8d6d43747d4df3",
                "sha256:888307125ea0c4466287191e5606a2c910963405ce9671448ff9c81c53f85f58",
                "sha256:92233b2df6938147be6fa8824b8136f29a18f016ecde986666be5f4d686a91a4",
                "sha256:9412f5e408b397ff5641080ed1e798623dbe1ec0d78e72c9eca8992976fa65aa",
                "sha256:9b18aa747da280664642997e65aab1dd19d0c3d17068a04b3fe34e2559196cb9",
                "sha256:9de9d1416b3d9e7df9923ab23cd2fe714244af10b763975bea9e4f2e81cebd27",
                "sha256:a2ec871edaa863e8213ea5df811cd600734f6400b4af272e1c011e69401218e9",
                "sha256:a5080a79dfb9b78b768cebf3c9dcbc7b665c5875793569f48bf0e2b1d7f68f6f",
                "sha256:a8bf5cb4a25046ac61d38f8d3c3426ec11ebc350246a4642f2f315fe95bda655",
                "sha256:b09ae80010f52efddb15551025f9016c910296cf70adbf03ce2a8704f3a5ad20",
                "sha256:b5e025e903b4f166ea03b109bb241355b9c42c279ea694d8864d033727205e65",
                "sha256:bad78d580270a4d32470563ea86c6590b465cb98f83d760ff5b0990cb5518a93",
                "sha256:bae43364d600fdc3ac327db99659dcb79e6e7ecd279a75fe1266669d9a652828",
                "sha256:c4697a10da8f8765bb7c83e24a470da5797e37041edfd77fd95ba3811a47c4fd",
                "sha256:c90ebe8aaa4397eaefa8455a8182b164a6cc1d59ad53f79943f266d99f68687f",
                "sha256:cd58a314d92838f7e6f755c8a2167ead4f27e1fd5c1251fd54289569ef3495ec",
                "sha256:cf72ff559a53a6a6d77bd8eefd12a17995ffa44ad86c77a5df96f533d4e6c6bb",
                "sha256:def751dd08243934c884a3221156d63e15234a3155cf25978b0a668409d45eb6",
                "sha256:e7c68b6a43259ba0aab737237876e5c2c549a031ddb7abc28c7b47f22e202ded",
                "sha256:ecf797d2d798cf7c838c6d98321061eb3e72a74710e6c40540f0e8087e3b499e",
                "sha256:f031846580d9acccd0044efd1a90e6f4df3a6e12b4b6bd694a7bc03a89892b28",
                "sha256:fb530e4794fc8ea76a4a21ccb67dea33e5e0e60f07fc38a49e821e1eae3b71a0",
                "sha256:fe8a9eb875d430d81755472c5ba75e84acc980e4a8f6204d402849234d3017db"
            ],
            "markers": "python_version >= '3.10'",
            "version": "==1.15.2"
        },
        "tifffile": {
            "hashes": [
                "sha256:54b36c4d5e5b8d8920134413edfe5a7cfb1c7617bb50cddf7e2772edb7149043",
                "sha256:8d731789e691b468746c1615d989bc550ac93cf753e9210865222e90a5a95d11"
            ],
            "markers": "python_version >= '3.10'",
            "version": "==2025.2.18"
        },
        "zxing-cpp": {
            "hashes": [
                "sha256:0a96c8eaf1adff4c5aaf99c74d2b5ce3d542d44c21f964ac3f70eaaefcdc141e",
                "sha256:0b30e2f4b081a85fe5f09ba34cb17486d607625f2ddeb0c80d5212d2872e5530",
                "sha256:0bf58043c543d3440f1cbef6bfa9e5ad7139c39c90955d1f294f4778f0cd1ec0",
                "sha256:156b363a0aae0b2472c58628346b5223ebb72935f0fa5def3d7ab4a7211c3e88",
                "sha256:1b74a6b3608d035818d6d4fa9545875acae92635028b8927e3922175cb4fe19b",
                "sha256:26ee52319b545a0db5adc19c682d5bd7efa210456daff0293f5cc78311c52d90",
                "sha256:27901910b14e2d6a6f8eba585249d02ac23660de1a6fef3dc3a283bb017c41d0",
                "sha256:29321c1060cf0e8433aa2397cc8b4fccbbcc7e2b94ebbc38b14d874c0bd6dc48",
                "sha256:2dcbcd85c3b4a693695a1784067575b7220128a362ee13fd70ab763922b96ab2",
                "sha256:489fc0ab4af893e1b10b58b70c34db80fbbaf6e5c27c216e8f3f2367cf18a45d",
                "sha256:5193b305f317eed0e55963e33ccac33c6ffa12a225bc68c6363ae62ae49a10a3",
                "sha256:548cc0e767f24193038031c76f60f2de0965ab5b05106dff6095bcae89607748",
                "sha256:630adc04f3a7916054a91c71d7dd55568e798289be5f16186a17ea05555eb60f",
                "sha256:63bcc80e7a6c741f1948381bb1b9c36082400624a217e3306aebb1e2bec21f6f",
                "sha256:64dd0f82a86ae0fd0704e80e814c6a009d5b4144899a117d41f77ccba2d25269",
                "sha256:703353304de24d947bd68044fac4e062953a7b64029de6941ba8ffeb4476b60d",
                "sha256:8b76fac77c94545c5a6e2e6184a121c09409fff29f9c7557e350c16b78025d74",
                "sha256:9e7594465b25dd40a25e989a9a3df5fabdb161764b9f838086301d230a4eb15f",
                "sha256:a4a290631189905833b5eadbabed1253a8059b4d81a82aabec95a5ed694ead3a",
                "sha256:a6f909ee685e63de0b7c4a867d437641700795f6cbfc30bfc2c61323d22b0272",
                "sha256:af13fcbbe24ca4285bda83309f50954107ddf7d12686c332a838f4eaf88ff619",
                "sha256:c171e9b37f596293d1134e74c3285a8b7cf06ef72e2ad39c4a7d54b1aa939782",
                "sha256:c4d44e63c0cb06df1d7ab636018b3e7139d5b010c22a5dcb18f3badfa29e1e1c",
                "sha256:c6fd34baedc49d81146e7d6b40fcd5d41ff6274497ff14ede10f2aafac615604",
                "sha256:cfdf7a393541f4cd7c7c9329ec5d56b49a5cfc91bf24cdc53ec301d41c2afd68",
                "sha256:d052dc1340b6dc92de5da284dc8ebb95939512bd4da60389bb82779502292bf4",
                "sha256:d9e9f7404b9b33abf863ccb243f6b0e99c4818028894dfdd8fb41e142fcdad65",
                "sha256:dd640c33a06da8b15e36a8e0c3c8236531fea13a95d7eaa8deb91ccb5d76c4e7",
                "sha256:e4f62174643de2012bde470bf2048d8a29b5d93bb23bbdc6c075e7e92dbd5794",
                "sha256:e712d958155408c8e902ea91d8feb3f4edfa41fd207ef85ca9e59f3f0c7060ad",
                "sha256:e92d64ab213bb9be0734ad10a5409ae258eb413e0569d8a6d61d483558ab16e6"
            ],
            "index": "pypi",
            "markers": "python_version >= '3.9'",
            "version": "==3.0.0"
        }
    },
    "develop": {}
}
