{
    "_meta": {
        "hash": {
            "sha256": "100a84a743c40a8a2ea32197164fc270c0f394b547bb2557967861bb2c0696db"
        },
        "pipfile-spec": 6,
        "requires": {
            "python_version": "3.10"
        },
        "sources": [
            {
                "name": "pypi",
                "url": "https://pypi.org/simple",
                "verify_ssl": true
            }
        ]
    },
    "default": {
        "cx-oracle": {
            "hashes": [
                "sha256:076ffb71279d6b2dcbf7df028f62a01e18ce5bb73d8b01eab582bf14a62f4a61",
                "sha256:07f01608dfb6603a8f2a868fc7c7bdc951480f187df8dbc50f4d48c884874e6a",
                "sha256:3b2d215af4441463c97ea469b9cc307460739f89fdfa8ea222ea3518f1a424d9",
                "sha256:3baa878597c5fadb2c72f359f548431c7be001e722ce4a4ebdf3d2293a1bb70b",
                "sha256:410747d542e5f94727f5f0e42e9706c772cf9094fb348ce965ab88b3a9e4d2d8",
                "sha256:4b3afe7a911cebaceda908228d36839f6441cbd38e5df491ec25960562bb01a0",
                "sha256:4c82ca74442c298ceec56d207450c192e06ecf8ad52eb4aaad0812e147ceabf7",
                "sha256:54164974d526b76fdefb0b66a42b68e1fca5df78713d0eeb8c1d0047b83f6bcf",
                "sha256:70d3cf030aefd71f99b45beba77237b2af448adf5e26be0db3d0d3dee6ea4230",
                "sha256:715a8bbda5982af484ded14d184304cc552c1096c82471dd2948298470e88a04",
                "sha256:b6a23da225f03f50a81980c61dbd6a358c3575f212ca7f4c22bb65a9faf94f7f",
                "sha256:b82e4b165ffd807a2bd256259a6b81b0a2452883d39f987509e2292d494ea163",
                "sha256:b902db61dcdcbbf8dd981f5a46d72fef40c5150c7fc0eb0f0698b462d6eb834e",
                "sha256:bf01ce87edb4ef663b2e5bd604e1e0154d2cc2f12b60301f788b569d9db8a900",
                "sha256:de42bdc882abdc5cea54597da27a05593b44143728e5b629ad5d35decb1a2036",
                "sha256:df412238a9948340591beee9ec64fa62a2efacc0d91107034a7023e2991fba97"
            ],
            "index": "pypi",
            "version": "==8.3.0"
        },
        "expiringdict": {
            "hashes": [
                "sha256:09a5d20bc361163e6432a874edd3179676e935eb81b925eccef48d409a8a45e8",
                "sha256:300fb92a7e98f15b05cf9a856c1415b3bc4f2e132be07daa326da6414c23ee09"
            ],
            "index": "pypi",
            "version": "==1.2.2"
        },
        "greenlet": {
            "hashes": [
                "sha256:0a02d259510b3630f330c86557331a3b0e0c79dac3d166e449a39363beaae174",
                "sha256:0b6f9f8ca7093fd4433472fd99b5650f8a26dcd8ba410e14094c1e44cd3ceddd",
                "sha256:100f78a29707ca1525ea47388cec8a049405147719f47ebf3895e7509c6446aa",
                "sha256:1757936efea16e3f03db20efd0cd50a1c86b06734f9f7338a90c4ba85ec2ad5a",
                "sha256:19075157a10055759066854a973b3d1325d964d498a805bb68a1f9af4aaef8ec",
                "sha256:19bbdf1cce0346ef7341705d71e2ecf6f41a35c311137f29b8a2dc2341374565",
                "sha256:20107edf7c2c3644c67c12205dc60b1bb11d26b2610b276f97d666110d1b511d",
                "sha256:22f79120a24aeeae2b4471c711dcf4f8c736a2bb2fabad2a67ac9a55ea72523c",
                "sha256:2847e5d7beedb8d614186962c3d774d40d3374d580d2cbdab7f184580a39d234",
                "sha256:28e89e232c7593d33cac35425b58950789962011cc274aa43ef8865f2e11f46d",
                "sha256:329c5a2e5a0ee942f2992c5e3ff40be03e75f745f48847f118a3cfece7a28546",
                "sha256:337322096d92808f76ad26061a8f5fccb22b0809bea39212cd6c406f6a7060d2",
                "sha256:3fcc780ae8edbb1d050d920ab44790201f027d59fdbd21362340a85c79066a74",
                "sha256:41bdeeb552d814bcd7fb52172b304898a35818107cc8778b5101423c9017b3de",
                "sha256:4eddd98afc726f8aee1948858aed9e6feeb1758889dfd869072d4465973f6bfd",
                "sha256:52e93b28db27ae7d208748f45d2db8a7b6a380e0d703f099c949d0f0d80b70e9",
                "sha256:55d62807f1c5a1682075c62436702aaba941daa316e9161e4b6ccebbbf38bda3",
                "sha256:5805e71e5b570d490938d55552f5a9e10f477c19400c38bf1d5190d760691846",
                "sha256:599daf06ea59bfedbec564b1692b0166a0045f32b6f0933b0dd4df59a854caf2",
                "sha256:60d5772e8195f4e9ebf74046a9121bbb90090f6550f81d8956a05387ba139353",
                "sha256:696d8e7d82398e810f2b3622b24e87906763b6ebfd90e361e88eb85b0e554dc8",
                "sha256:6e6061bf1e9565c29002e3c601cf68569c450be7fc3f7336671af7ddb4657166",
                "sha256:80ac992f25d10aaebe1ee15df45ca0d7571d0f70b645c08ec68733fb7a020206",
                "sha256:816bd9488a94cba78d93e1abb58000e8266fa9cc2aa9ccdd6eb0696acb24005b",
                "sha256:85d2b77e7c9382f004b41d9c72c85537fac834fb141b0296942d52bf03fe4a3d",
                "sha256:87c8ceb0cf8a5a51b8008b643844b7f4a8264a2c13fcbcd8a8316161725383fe",
                "sha256:89ee2e967bd7ff85d84a2de09df10e021c9b38c7d91dead95b406ed6350c6997",
                "sha256:8bef097455dea90ffe855286926ae02d8faa335ed8e4067326257cb571fc1445",
                "sha256:8d11ebbd679e927593978aa44c10fc2092bc454b7d13fdc958d3e9d508aba7d0",
                "sha256:91e6c7db42638dc45cf2e13c73be16bf83179f7859b07cfc139518941320be96",
                "sha256:97e7ac860d64e2dcba5c5944cfc8fa9ea185cd84061c623536154d5a89237884",
                "sha256:990066bff27c4fcf3b69382b86f4c99b3652bab2a7e685d968cd4d0cfc6f67c6",
                "sha256:9fbc5b8f3dfe24784cee8ce0be3da2d8a79e46a276593db6868382d9c50d97b1",
                "sha256:ac4a39d1abae48184d420aa8e5e63efd1b75c8444dd95daa3e03f6c6310e9619",
                "sha256:b2c02d2ad98116e914d4f3155ffc905fd0c025d901ead3f6ed07385e19122c94",
                "sha256:b2d3337dcfaa99698aa2377c81c9ca72fcd89c07e7eb62ece3f23a3fe89b2ce4",
                "sha256:b489c36d1327868d207002391f662a1d163bdc8daf10ab2e5f6e41b9b96de3b1",
                "sha256:b641161c302efbb860ae6b081f406839a8b7d5573f20a455539823802c655f63",
                "sha256:b8ba29306c5de7717b5761b9ea74f9c72b9e2b834e24aa984da99cbfc70157fd",
                "sha256:b9934adbd0f6e476f0ecff3c94626529f344f57b38c9a541f87098710b18af0a",
                "sha256:ce85c43ae54845272f6f9cd8320d034d7a946e9773c693b27d620edec825e376",
                "sha256:cf868e08690cb89360eebc73ba4be7fb461cfbc6168dd88e2fbbe6f31812cd57",
                "sha256:d2905ce1df400360463c772b55d8e2518d0e488a87cdea13dd2c71dcb2a1fa16",
                "sha256:d57e20ba591727da0c230ab2c3f200ac9d6d333860d85348816e1dca4cc4792e",
                "sha256:d6a8c9d4f8692917a3dc7eb25a6fb337bff86909febe2f793ec1928cd97bedfc",
                "sha256:d923ff276f1c1f9680d32832f8d6c040fe9306cbfb5d161b0911e9634be9ef0a",
                "sha256:daa7197b43c707462f06d2c693ffdbb5991cbb8b80b5b984007de431493a319c",
                "sha256:dbd4c177afb8a8d9ba348d925b0b67246147af806f0b104af4d24f144d461cd5",
                "sha256:dc4d815b794fd8868c4d67602692c21bf5293a75e4b607bb92a11e821e2b859a",
                "sha256:e9d21aaa84557d64209af04ff48e0ad5e28c5cca67ce43444e939579d085da72",
                "sha256:ea6b8aa9e08eea388c5f7a276fabb1d4b6b9d6e4ceb12cc477c3d352001768a9",
                "sha256:eabe7090db68c981fca689299c2d116400b553f4b713266b130cfc9e2aa9c5a9",
                "sha256:f2f6d303f3dee132b322a14cd8765287b8f86cdc10d2cb6a6fae234ea488888e",
                "sha256:f33f3258aae89da191c6ebaa3bc517c6c4cbc9b9f689e5d8452f7aedbb913fa8",
                "sha256:f7bfb769f7efa0eefcd039dd19d843a4fbfbac52f1878b1da2ed5793ec9b1a65",
                "sha256:f89e21afe925fcfa655965ca8ea10f24773a1791400989ff32f467badfe4a064",
                "sha256:fa24255ae3c0ab67e613556375a4341af04a084bd58764731972bcbc8baeba36"
            ],
            "markers": "platform_machine == 'aarch64' or (platform_machine == 'ppc64le' or (platform_machine == 'x86_64' or (platform_machine == 'amd64' or (platform_machine == 'AMD64' or (platform_machine == 'win32' or platform_machine == 'WIN32')))))",
            "version": "==3.0.1"
        },
        "psycopg2-binary": {
            "hashes": [
                "sha256:03ef7df18daf2c4c07e2695e8cfd5ee7f748a1d54d802330985a78d2a5a6dca9",
                "sha256:0a602ea5aff39bb9fac6308e9c9d82b9a35c2bf288e184a816002c9fae930b77",
                "sha256:0c009475ee389757e6e34611d75f6e4f05f0cf5ebb76c6037508318e1a1e0d7e",
                "sha256:0ef4854e82c09e84cc63084a9e4ccd6d9b154f1dbdd283efb92ecd0b5e2b8c84",
                "sha256:1236ed0952fbd919c100bc839eaa4a39ebc397ed1c08a97fc45fee2a595aa1b3",
                "sha256:143072318f793f53819048fdfe30c321890af0c3ec7cb1dfc9cc87aa88241de2",
                "sha256:15208be1c50b99203fe88d15695f22a5bed95ab3f84354c494bcb1d08557df67",
                "sha256:1873aade94b74715be2246321c8650cabf5a0d098a95bab81145ffffa4c13876",
                "sha256:18d0ef97766055fec15b5de2c06dd8e7654705ce3e5e5eed3b6651a1d2a9a152",
                "sha256:1ea665f8ce695bcc37a90ee52de7a7980be5161375d42a0b6c6abedbf0d81f0f",
                "sha256:2293b001e319ab0d869d660a704942c9e2cce19745262a8aba2115ef41a0a42a",
                "sha256:246b123cc54bb5361588acc54218c8c9fb73068bf227a4a531d8ed56fa3ca7d6",
                "sha256:275ff571376626195ab95a746e6a04c7df8ea34638b99fc11160de91f2fef503",
                "sha256:281309265596e388ef483250db3640e5f414168c5a67e9c665cafce9492eda2f",
                "sha256:2d423c8d8a3c82d08fe8af900ad5b613ce3632a1249fd6a223941d0735fce493",
                "sha256:2e5afae772c00980525f6d6ecf7cbca55676296b580c0e6abb407f15f3706996",
                "sha256:30dcc86377618a4c8f3b72418df92e77be4254d8f89f14b8e8f57d6d43603c0f",
                "sha256:31a34c508c003a4347d389a9e6fcc2307cc2150eb516462a7a17512130de109e",
                "sha256:323ba25b92454adb36fa425dc5cf6f8f19f78948cbad2e7bc6cdf7b0d7982e59",
                "sha256:34eccd14566f8fe14b2b95bb13b11572f7c7d5c36da61caf414d23b91fcc5d94",
                "sha256:3a58c98a7e9c021f357348867f537017057c2ed7f77337fd914d0bedb35dace7",
                "sha256:3f78fd71c4f43a13d342be74ebbc0666fe1f555b8837eb113cb7416856c79682",
                "sha256:4154ad09dac630a0f13f37b583eae260c6aa885d67dfbccb5b02c33f31a6d420",
                "sha256:420f9bbf47a02616e8554e825208cb947969451978dceb77f95ad09c37791dae",
                "sha256:4686818798f9194d03c9129a4d9a702d9e113a89cb03bffe08c6cf799e053291",
                "sha256:57fede879f08d23c85140a360c6a77709113efd1c993923c59fde17aa27599fe",
                "sha256:60989127da422b74a04345096c10d416c2b41bd7bf2a380eb541059e4e999980",
                "sha256:68fc1f1ba168724771e38bee37d940d2865cb0f562380a1fb1ffb428b75cb692",
                "sha256:6e6f98446430fdf41bd36d4faa6cb409f5140c1c2cf58ce0bbdaf16af7d3f119",
                "sha256:729177eaf0aefca0994ce4cffe96ad3c75e377c7b6f4efa59ebf003b6d398716",
                "sha256:72dffbd8b4194858d0941062a9766f8297e8868e1dd07a7b36212aaa90f49472",
                "sha256:75723c3c0fbbf34350b46a3199eb50638ab22a0228f93fb472ef4d9becc2382b",
                "sha256:77853062a2c45be16fd6b8d6de2a99278ee1d985a7bd8b103e97e41c034006d2",
                "sha256:78151aa3ec21dccd5cdef6c74c3e73386dcdfaf19bced944169697d7ac7482fc",
                "sha256:7f01846810177d829c7692f1f5ada8096762d9172af1b1a28d4ab5b77c923c1c",
                "sha256:804d99b24ad523a1fe18cc707bf741670332f7c7412e9d49cb5eab67e886b9b5",
                "sha256:8359bf4791968c5a78c56103702000105501adb557f3cf772b2c207284273984",
                "sha256:83791a65b51ad6ee6cf0845634859d69a038ea9b03d7b26e703f94c7e93dbcf9",
                "sha256:8532fd6e6e2dc57bcb3bc90b079c60de896d2128c5d9d6f24a63875a95a088cf",
                "sha256:876801744b0dee379e4e3c38b76fc89f88834bb15bf92ee07d94acd06ec890a0",
                "sha256:8dbf6d1bc73f1d04ec1734bae3b4fb0ee3cb2a493d35ede9badbeb901fb40f6f",
                "sha256:8f8544b092a29a6ddd72f3556a9fcf249ec412e10ad28be6a0c0d948924f2212",
                "sha256:911dda9c487075abd54e644ccdf5e5c16773470a6a5d3826fda76699410066fb",
                "sha256:977646e05232579d2e7b9c59e21dbe5261f403a88417f6a6512e70d3f8a046be",
                "sha256:9dba73be7305b399924709b91682299794887cbbd88e38226ed9f6712eabee90",
                "sha256:a148c5d507bb9b4f2030a2025c545fccb0e1ef317393eaba42e7eabd28eb6041",
                "sha256:a6cdcc3ede532f4a4b96000b6362099591ab4a3e913d70bcbac2b56c872446f7",
                "sha256:ac05fb791acf5e1a3e39402641827780fe44d27e72567a000412c648a85ba860",
                "sha256:b58b4710c7f4161b5e9dcbe73bb7c62d65670a87df7bcce9e1faaad43e715245",
                "sha256:b6356793b84728d9d50ead16ab43c187673831e9d4019013f1402c41b1db9b27",
                "sha256:b76bedd166805480ab069612119ea636f5ab8f8771e640ae103e05a4aae3e417",
                "sha256:bc7bb56d04601d443f24094e9e31ae6deec9ccb23581f75343feebaf30423359",
                "sha256:c2470da5418b76232f02a2fcd2229537bb2d5a7096674ce61859c3229f2eb202",
                "sha256:c332c8d69fb64979ebf76613c66b985414927a40f8defa16cf1bc028b7b0a7b0",
                "sha256:c6af2a6d4b7ee9615cbb162b0738f6e1fd1f5c3eda7e5da17861eacf4c717ea7",
                "sha256:c77e3d1862452565875eb31bdb45ac62502feabbd53429fdc39a1cc341d681ba",
                "sha256:ca08decd2697fdea0aea364b370b1249d47336aec935f87b8bbfd7da5b2ee9c1",
                "sha256:ca49a8119c6cbd77375ae303b0cfd8c11f011abbbd64601167ecca18a87e7cdd",
                "sha256:cb16c65dcb648d0a43a2521f2f0a2300f40639f6f8c1ecbc662141e4e3e1ee07",
                "sha256:d2997c458c690ec2bc6b0b7ecbafd02b029b7b4283078d3b32a852a7ce3ddd98",
                "sha256:d3f82c171b4ccd83bbaf35aa05e44e690113bd4f3b7b6cc54d2219b132f3ae55",
                "sha256:dc4926288b2a3e9fd7b50dc6a1909a13bbdadfc67d93f3374d984e56f885579d",
                "sha256:ead20f7913a9c1e894aebe47cccf9dc834e1618b7aa96155d2091a626e59c972",
                "sha256:ebdc36bea43063116f0486869652cb2ed7032dbc59fbcb4445c4862b5c1ecf7f",
                "sha256:ed1184ab8f113e8d660ce49a56390ca181f2981066acc27cf637d5c1e10ce46e",
                "sha256:ee825e70b1a209475622f7f7b776785bd68f34af6e7a46e2e42f27b659b5bc26",
                "sha256:f7ae5d65ccfbebdfa761585228eb4d0df3a8b15cfb53bd953e713e09fbb12957",
                "sha256:f7fc5a5acafb7d6ccca13bfa8c90f8c51f13d8fb87d95656d3950f0158d3ce53",
                "sha256:f9b5571d33660d5009a8b3c25dc1db560206e2d2f89d3df1cb32d72c0d117d52"
            ],
            "index": "pypi",
            "markers": "python_version >= '3.7'",
            "version": "==2.9.9"
        },
        "pymysql": {
            "hashes": [
                "sha256:4f13a7df8bf36a51e81dd9f3605fede45a4878fe02f9236349fd82a3f0612f96",
                "sha256:8969ec6d763c856f7073c4c64662882675702efcb114b4bcbb955aea3a069fa7"
            ],
            "index": "pypi",
            "markers": "python_version >= '3.7'",
            "version": "==1.1.0"
        },
        "pyodbc": {
            "hashes": [
                "sha256:05a0912e852ebddaffa8f235b0f3974475021dd8eb604eb46ea67af06efe1239",
                "sha256:0f5901b57eaef0761f4cf02bca8e7c63f589fd0fd723a79f6ccf1ea1275372e5",
                "sha256:1b3467157661615d5c30893efa1069b55c9ffa434097fc3ae3739e740d83d2ec",
                "sha256:1f7fb65191926308f09ce75ae7ccecf89310232ee50cdea74edf17ee04a9b068",
                "sha256:27d1b3c3159673b44c97c878f9d8056901d45f747ce2e0b4d5d99f0fb6949dc7",
                "sha256:305c7d6337e2d4c8350677cc641b343fc0197b7b9bc167815c66b64545c67a53",
                "sha256:39f6c56022c764309aa7552c0eb2c58fbb5902ab5d2010d42b021c0b205aa609",
                "sha256:3d9d70e1635d35ba3aee3df216ec8e35f2824909f43331c0112b17f460a93923",
                "sha256:400e911d54980098c6badadecc82385fc0d6a9057db525d63d2652317df43efe",
                "sha256:42649ed57d09c04aa197bdd4fe0aa9ca319790b7aa86d0b0784cc70e78c426e5",
                "sha256:530c1ac37ead782803b44fb1934ba4c68ed4a6969f7475cb8bc04ae1da14486e",
                "sha256:5ec009180fcd7c8197f45d083e6670623d8dfe198a457ca2a50ebb1bafe4107f",
                "sha256:62bb6d7d0d25dc75d1445e539f946461c9c5a3643ae14676b240f71794ea004f",
                "sha256:6353044b99c763aeec7ca1760b4340298504d8ee544fdcab3c380a2abec15b78",
                "sha256:64c1de1263281de7b5ce585b0352746ab1a483453017a8589f838a79cbe3d6d9",
                "sha256:72d364e52f6ca2417881a23834b3a36733c09e0dcd4760f49a6b864218d98d92",
                "sha256:74af348dbaee4885998858daf50c8964e767629ecf6c195868b016367b0bb861",
                "sha256:8553eaef9f8ec333bbddff6eadf0d322dda34b37f4bab19f0658eb532037840c",
                "sha256:8eb5547282dc73a7784ce7b99584f68687dd85543538ca6f70cffaa6310676e7",
                "sha256:9253e746c5c94bf61e3e9adb08fb7688d413cb68c06ebb287ec233387534760a",
                "sha256:a3e133621ac2dad22d0870a8521c7e82d4270e24ce02451d64e7eb6a40ad0941",
                "sha256:a591a1cf3c251a9c7c1642cfb3774119bf3512f3be56151247238f8a7b22b336",
                "sha256:a6f4067f46aaa78e77e8a15ade81eb21fb344563d245fb2d9a0aaa553c367cbd",
                "sha256:af027a60e84274ea08fad1c75991d37a5f1f6e8bcd30f6bda20db99f0cdfbc7d",
                "sha256:b36fe804d367d01ad81077fa524a36e667aabc3945e32564c7ef9595b28edfa9",
                "sha256:c1a59096f1784d0cda3d0b8f393849f05515c46a10016edb6da1b1960d039800",
                "sha256:c5faf2870e9d434c6a85c6adc1cdff55c0e376273baf480f06d9848025405688",
                "sha256:cdf5a27e6587d1762f7f0e35d6f0309f09019bf3e19ca9177a4b765121f3f106",
                "sha256:e0db69478d00fcd8d0b9bdde8aca0b0eada341fd6ed8c2da84b594b928c84106",
                "sha256:e528bb70dd6d6299ee429868925df0866e3e919c772b9eff79c8e17920d8f116",
                "sha256:ea08e9379c08663d7260e2b8a6c451f56d36c17291af735191089f8e29ad9578",
                "sha256:ebcb900fcaf19ca2bc38632218c5d48c666fcc19fe38b08cde001917f4581456",
                "sha256:efccc11dff6fba684a74ae1030c92ff8b82429d7f00e0a50aa2ac6f56621cd9f",
                "sha256:f792677b88e1dde12dab46de8647620fc8171742c02780d51744f7b1b2135dbc",
                "sha256:fe4ee87b88867867f582dd0c1236cd982508db359a6cbb5e91623ceb6c83e60a"
            ],
            "index": "pypi",
            "markers": "python_version >= '2.7' and python_version not in '3.0, 3.1, 3.2, 3.3, 3.4, 3.5'",
            "version": "==4.0.39"
        },
        "sqlalchemy": {
            "hashes": [
                "sha256:0666031df46b9badba9bed00092a1ffa3aa063a5e68fa244acd9f08070e936d3",
                "sha256:0a8c6aa506893e25a04233bc721c6b6cf844bafd7250535abb56cb6cc1368884",
                "sha256:0e680527245895aba86afbd5bef6c316831c02aa988d1aad83c47ffe92655e74",
                "sha256:14aebfe28b99f24f8a4c1346c48bc3d63705b1f919a24c27471136d2f219f02d",
                "sha256:1e018aba8363adb0599e745af245306cb8c46b9ad0a6fc0a86745b6ff7d940fc",
                "sha256:227135ef1e48165f37590b8bfc44ed7ff4c074bf04dc8d6f8e7f1c14a94aa6ca",
                "sha256:31952bbc527d633b9479f5f81e8b9dfada00b91d6baba021a869095f1a97006d",
                "sha256:3e983fa42164577d073778d06d2cc5d020322425a509a08119bdcee70ad856bf",
                "sha256:42d0b0290a8fb0165ea2c2781ae66e95cca6e27a2fbe1016ff8db3112ac1e846",
                "sha256:42ede90148b73fe4ab4a089f3126b2cfae8cfefc955c8174d697bb46210c8306",
                "sha256:4895a63e2c271ffc7a81ea424b94060f7b3b03b4ea0cd58ab5bb676ed02f4221",
                "sha256:4af79c06825e2836de21439cb2a6ce22b2ca129bad74f359bddd173f39582bf5",
                "sha256:5f94aeb99f43729960638e7468d4688f6efccb837a858b34574e01143cf11f89",
                "sha256:616fe7bcff0a05098f64b4478b78ec2dfa03225c23734d83d6c169eb41a93e55",
                "sha256:62d9e964870ea5ade4bc870ac4004c456efe75fb50404c03c5fd61f8bc669a72",
                "sha256:638c2c0b6b4661a4fd264f6fb804eccd392745c5887f9317feb64bb7cb03b3ea",
                "sha256:63bfc3acc970776036f6d1d0e65faa7473be9f3135d37a463c5eba5efcdb24c8",
                "sha256:6463aa765cf02b9247e38b35853923edbf2f6fd1963df88706bc1d02410a5577",
                "sha256:64ac935a90bc479fee77f9463f298943b0e60005fe5de2aa654d9cdef46c54df",
                "sha256:683ef58ca8eea4747737a1c35c11372ffeb84578d3aab8f3e10b1d13d66f2bc4",
                "sha256:75eefe09e98043cff2fb8af9796e20747ae870c903dc61d41b0c2e55128f958d",
                "sha256:787af80107fb691934a01889ca8f82a44adedbf5ef3d6ad7d0f0b9ac557e0c34",
                "sha256:7c424983ab447dab126c39d3ce3be5bee95700783204a72549c3dceffe0fc8f4",
                "sha256:7e0dc9031baa46ad0dd5a269cb7a92a73284d1309228be1d5935dac8fb3cae24",
                "sha256:87a3d6b53c39cd173990de2f5f4b83431d534a74f0e2f88bd16eabb5667e65c6",
                "sha256:89a01238fcb9a8af118eaad3ffcc5dedaacbd429dc6fdc43fe430d3a941ff965",
                "sha256:9585b646ffb048c0250acc7dad92536591ffe35dba624bb8fd9b471e25212a35",
                "sha256:964971b52daab357d2c0875825e36584d58f536e920f2968df8d581054eada4b",
                "sha256:967c0b71156f793e6662dd839da54f884631755275ed71f1539c95bbada9aaab",
                "sha256:9ca922f305d67605668e93991aaf2c12239c78207bca3b891cd51a4515c72e22",
                "sha256:a86cb7063e2c9fb8e774f77fbf8475516d270a3e989da55fa05d08089d77f8c4",
                "sha256:aeb397de65a0a62f14c257f36a726945a7f7bb60253462e8602d9b97b5cbe204",
                "sha256:b41f5d65b54cdf4934ecede2f41b9c60c9f785620416e8e6c48349ab18643855",
                "sha256:bd45a5b6c68357578263d74daab6ff9439517f87da63442d244f9f23df56138d",
                "sha256:c14eba45983d2f48f7546bb32b47937ee2cafae353646295f0e99f35b14286ab",
                "sha256:c1bda93cbbe4aa2aa0aa8655c5aeda505cd219ff3e8da91d1d329e143e4aff69",
                "sha256:c4722f3bc3c1c2fcc3702dbe0016ba31148dd6efcd2a2fd33c1b4897c6a19693",
                "sha256:c80c38bd2ea35b97cbf7c21aeb129dcbebbf344ee01a7141016ab7b851464f8e",
                "sha256:cabafc7837b6cec61c0e1e5c6d14ef250b675fa9c3060ed8a7e38653bd732ff8",
                "sha256:cc1d21576f958c42d9aec68eba5c1a7d715e5fc07825a629015fe8e3b0657fb0",
                "sha256:d0f7fb0c7527c41fa6fcae2be537ac137f636a41b4c5a4c58914541e2f436b45",
                "sha256:d4041ad05b35f1f4da481f6b811b4af2f29e83af253bf37c3c4582b2c68934ab",
                "sha256:d5578e6863eeb998980c212a39106ea139bdc0b3f73291b96e27c929c90cd8e1",
                "sha256:e3b5036aa326dc2df50cba3c958e29b291a80f604b1afa4c8ce73e78e1c9f01d",
                "sha256:e599a51acf3cc4d31d1a0cf248d8f8d863b6386d2b6782c5074427ebb7803bda",
                "sha256:f3420d00d2cb42432c1d0e44540ae83185ccbbc67a6054dcc8ab5387add6620b",
                "sha256:f48ed89dd11c3c586f45e9eec1e437b355b3b6f6884ea4a4c3111a3358fd0c18",
                "sha256:f508ba8f89e0a5ecdfd3761f82dda2a3d7b678a626967608f4273e0dba8f07ac",
                "sha256:fd54601ef9cc455a0c61e5245f690c8a3ad67ddb03d3b91c361d076def0b4c60"
            ],
            "index": "pypi",
            "markers": "python_version >= '3.7'",
            "version": "==2.0.23"
        },
        "typing-extensions": {
            "hashes": [
                "sha256:8f92fc8806f9a6b641eaa5318da32b44d401efaac0f6678c9bc448ba3605faa0",
                "sha256:df8e4339e9cb77357558cbdbceca33c303714cf861d1eef15e1070055ae8b7ef"
            ],
            "markers": "python_version >= '3.8'",
            "version": "==4.8.0"
        }
    },
    "develop": {}
}
