{
    "_meta": {
        "hash": {
            "sha256": "7178ab86f7fb573f96edf1b8281cc040b09c7a2da334015afe8958e0b4de1ad2"
        },
        "pipfile-spec": 6,
        "requires": {
            "python_version": "3.11"
        },
        "sources": [
            {
                "name": "pypi",
                "url": "https://pypi.org/simple",
                "verify_ssl": true
            }
        ]
    },
    "default": {
        "click": {
            "hashes": [
                "sha256:12ff4785d337a1bb490bb7e9c2b1ee5da3112e94a8622f26a6c77f5d2fc6842a",
                "sha256:981153a64e25f12d547d3426c367a4857371575ee7ad18df2a6183ab0545b2a6"
            ],
            "markers": "python_version >= '3.10'",
            "version": "==8.3.1"
        },
        "importlib-metadata": {
            "hashes": [
                "sha256:7efb448ec9a5e313a57655d35aa54cd3e01b7e1fbcf72dce1bf06119420f5bad",
                "sha256:e354bedeb60efa6affdcc8ae121b73544a7aa74156d047311948f6d711cd378d"
            ],
            "markers": "python_version < '3.8'",
            "version": "==6.0.0"
        },
        "joblib": {
            "hashes": [
                "sha256:5fc3c5039fc5ca8c0276333a188bbd59d6b7ab37fe6632daa76bc7f9ec18e713",
                "sha256:8561a3269e6801106863fd0d6d84bb737be9e7631e33aaed3fb9ce5953688da3"
            ],
            "markers": "python_version >= '3.9'",
            "version": "==1.5.3"
        },
        "nltk": {
            "hashes": [
                "sha256:60b3db6e9995b3dd976b1f0fa7dec22069b2677e759c28eb69b62ddd44870522",
                "sha256:cb5945d6424a98d694c2b9a0264519fab4363711065a46aa0ae7a2195b92e71f"
            ],
            "index": "pypi",
            "markers": "python_version >= '3.10'",
            "version": "==3.9.3"
        },
        "regex": {
            "hashes": [
                "sha256:00ec994d7824bf01cd6c7d14c7a6a04d9aeaf7c42a2bc22d2359d715634d539b",
                "sha256:015088b8558502f1f0bccd58754835aa154a7a5b0bd9d4c9b7b96ff4ae9ba876",
                "sha256:02b9e1b8a7ebe2807cd7bbdf662510c8e43053a23262b9f46ad4fc2dfc9d204e",
                "sha256:03d191a9bcf94d31af56d2575210cb0d0c6a054dbcad2ea9e00aa4c42903b919",
                "sha256:03d706fbe7dfec503c8c3cb76f9352b3e3b53b623672aa49f18a251a6c71b8e6",
                "sha256:0782bd983f19ac7594039c9277cd6f75c89598c1d72f417e4d30d874105eb0c7",
                "sha256:0c10869d18abb759a3317c757746cc913d6324ce128b8bcec99350df10419f18",
                "sha256:0d0e72703c60d68b18b27cde7cdb65ed2570ae29fb37231aa3076bfb6b1d1c13",
                "sha256:0d9f81806abdca3234c3dd582b8a97492e93de3602c8772013cb4affa12d1668",
                "sha256:11c138febb40546ff9e026dbbc41dc9fb8b29e61013fa5848ccfe045f5b23b83",
                "sha256:127ea69273485348a126ebbf3d6052604d3c7da284f797bba781f364c0947d47",
                "sha256:12e86a01594031abf892686fcb309b041bf3de3d13d99eb7e2b02a8f3c687df1",
                "sha256:17648e1a88e72d88641b12635e70e6c71c5136ba14edba29bf8fc6834005a265",
                "sha256:196553ba2a2f47904e5dc272d948a746352e2644005627467e055be19d73b39e",
                "sha256:1e7a08622f7d51d7a068f7e4052a38739c412a3e74f55817073d2e2418149619",
                "sha256:2905ff4a97fad42f2d0834d8b1ea3c2f856ec209837e458d71a061a7d05f9f01",
                "sha256:294c0fb2e87c6bcc5f577c8f609210f5700b993151913352ed6c6af42f30f95f",
                "sha256:2c1693ca6f444d554aa246b592355b5cec030ace5a2729eae1b04ab6e853e768",
                "sha256:2cb00aabd96b345d56a8c2bc328c8d6c4d29935061e05078bf1f02302e12abf5",
                "sha256:2f914ae8c804c8a8a562fe216100bc156bfb51338c1f8d55fe32cf407774359a",
                "sha256:2fedd459c791da24914ecc474feecd94cf7845efb262ac3134fe27cbd7eda799",
                "sha256:311fcccb76af31be4c588d5a17f8f1a059ae8f4b097192896ebffc95612f223a",
                "sha256:31a5f561eb111d6aae14202e7043fb0b406d3c8dddbbb9e60851725c9b38ab1d",
                "sha256:31aefac2506967b7dd69af2c58eca3cc8b086d4110b66d6ac6e9026f0ee5b697",
                "sha256:38d88c6ed4a09ed61403dbdf515d969ccba34669af3961ceb7311ecd0cef504a",
                "sha256:3a039474986e7a314ace6efb9ce52f5da2bdb80ac4955358723d350ec85c32ad",
                "sha256:3aa0944f1dc6e92f91f3b306ba7f851e1009398c84bfd370633182ee4fc26a64",
                "sha256:4071209fd4376ab5ceec72ad3507e9d3517c59e38a889079b98916477a871868",
                "sha256:4146dc576ea99634ae9c15587d0c43273b4023a10702998edf0fa68ccb60237a",
                "sha256:4192464fe3e6cb0ef6751f7d3b16f886d8270d359ed1590dd555539d364f0ff7",
                "sha256:43cdde87006271be6963896ed816733b10967baaf0e271d529c82e93da66675b",
                "sha256:4584a3ee5f257b71e4b693cc9be3a5104249399f4116fe518c3f79b0c6fc7083",
                "sha256:46e69a4bf552e30e74a8aa73f473c87efcb7f6e8c8ece60d9fd7bf13d5c86f02",
                "sha256:49cef7bb2a491f91a8869c7cdd90babf0a417047ab0bf923cd038ed2eab2ccb8",
                "sha256:4a02faea614e7fdd6ba8b3bec6c8e79529d356b100381cec76e638f45d12ca04",
                "sha256:50f1ee9488dd7a9fda850ec7c68cad7a32fa49fd19733f5403a3f92b451dcf73",
                "sha256:516ee067c6c721d0d0bfb80a2004edbd060fffd07e456d4e1669e38fe82f922e",
                "sha256:52136f5b71f095cb74b736cc3a1b578030dada2e361ef2f07ca582240b703946",
                "sha256:5390b130cce14a7d1db226a3896273b7b35be10af35e69f1cca843b6e5d2bb2d",
                "sha256:59a7a5216485a1896c5800e9feb8ff9213e11967b482633b6195d7da11450013",
                "sha256:5a8f28dd32a4ce9c41758d43b5b9115c1c497b4b1f50c457602c1d571fa98ce1",
                "sha256:5b81ff4f9cad99f90c807a00c5882fbcda86d8b3edd94e709fb531fc52cb3d25",
                "sha256:5df947cabab4b643d4791af5e28aecf6bf62e6160e525651a12eba3d03755e6b",
                "sha256:5e3a31e94d10e52a896adaa3adf3621bd526ad2b45b8c2d23d1bbe74c7423007",
                "sha256:5e56c669535ac59cbf96ca1ece0ef26cb66809990cda4fa45e1e32c3b146599e",
                "sha256:5ec1d7c080832fdd4e150c6f5621fe674c70c63b3ae5a4454cebd7796263b175",
                "sha256:6380f29ff212ec922b6efb56100c089251940e0526a0d05aa7c2d9b571ddf2fe",
                "sha256:64128549b600987e0f335c2365879895f860a9161f283b14207c800a6ed623d3",
                "sha256:654dc41a5ba9b8cc8432b3f1aa8906d8b45f3e9502442a07c2f27f6c63f85db5",
                "sha256:655f553a1fa3ab8a7fd570eca793408b8d26a80bfd89ed24d116baaf13a38969",
                "sha256:66e6a43225ff1064f8926adbafe0922b370d381c3330edaf9891cade52daa790",
                "sha256:676c4e6847a83a1d5732b4ed553881ad36f0a8133627bb695a89ecf3571499d3",
                "sha256:6bc25d7e15f80c9dc7853cbb490b91c1ec7310808b09d56bd278fe03d776f4f6",
                "sha256:6c8fb3b19652e425ff24169dad3ee07f99afa7996caa9dfbb3a9106cd726f49a",
                "sha256:6fb8cb09b10e38f3ae17cc6dc04a1df77762bd0351b6ba9041438e7cc85ec310",
                "sha256:7187fdee1be0896c1499a991e9bf7c78e4b56b7863e7405d7bb687888ac10c4b",
                "sha256:74ff212aa61532246bb3036b3dfea62233414b0154b8bc3676975da78383cac3",
                "sha256:75472631eee7898e16a8a20998d15106cb31cfde21cdf96ab40b432a7082af06",
                "sha256:77cfd6b5e7c4e8bf7a39d243ea05882acf5e3c7002b0ef4756de6606893b0ecd",
                "sha256:78af1e499cab704131f6f4e2f155b7f54ce396ca2acb6ef21a49507e4752e0be",
                "sha256:79014115e6fdf18fd9b32e291d58181bf42d4298642beaa13fd73e69810e4cb6",
                "sha256:790dbf87b0361606cb0d79b393c3e8f4436a14ee56568a7463014565d97da02a",
                "sha256:80caaa1ddcc942ec7be18427354f9d58a79cee82dea2a6b3d4fd83302e1240d7",
                "sha256:80d31c3f1fe7e4c6cd1831cd4478a0609903044dfcdc4660abfe6fb307add7f0",
                "sha256:82336faeecac33297cd42857c3b36f12b91810e3fdd276befdd128f73a2b43fa",
                "sha256:8457c1bc10ee9b29cdfd897ccda41dce6bde0e9abd514bcfef7bcd05e254d411",
                "sha256:8497421099b981f67c99eba4154cf0dfd8e47159431427a11cfb6487f7791d9e",
                "sha256:8abe671cf0f15c26b1ad389bf4043b068ce7d3b1c5d9313e12895f57d6738555",
                "sha256:8dbff048c042beef60aa1848961384572c5afb9e8b290b0f1203a5c42cf5af65",
                "sha256:8df08decd339e8b3f6a2eb5c05c687fe9d963ae91f352bc57beb05f5b2ac6879",
                "sha256:8e6e77cd92216eb489e21e5652a11b186afe9bdefca8a2db739fd6b205a9e0a4",
                "sha256:8edda06079bd770f7f0cf7f3bba1a0b447b96b4a543c91fe0c142d034c166161",
                "sha256:93b16a18cadb938f0f2306267161d57eb33081a861cee9ffcd71e60941eb5dfc",
                "sha256:93d881cab5afdc41a005dba1524a40947d6f7a525057aa64aaf16065cf62faa9",
                "sha256:965d59792f5037d9138da6fed50ba943162160443b43d4895b182551805aff9c",
                "sha256:997862c619994c4a356cb7c3592502cbd50c2ab98da5f61c5c871f10f22de7e5",
                "sha256:9cbc69eae834afbf634f7c902fc72ff3e993f1c699156dd1af1adab5d06b7fe7",
                "sha256:9dadc10d1c2bbb1326e572a226d2ec56474ab8aab26fdb8cf19419b372c349a9",
                "sha256:9e6693b8567a59459b5dda19104c4a4dbbd4a1c78833eacc758796f2cfef1854",
                "sha256:9fff45852160960f29e184ec8a5be5ab4063cfd0b168d439d1fc4ac3744bf29e",
                "sha256:a032bc01a4bc73fc3cadba793fce28eb420da39338f47910c59ffcc11a5ba5ef",
                "sha256:a09ae430e94c049dc6957f6baa35ee3418a3a77f3c12b6e02883bd80a2b679b0",
                "sha256:a178df8ec03011153fbcd2c70cb961bc98cbbd9694b28f706c318bee8927c3db",
                "sha256:ab780092b1424d13200aa5a62996e95f65ee3db8509be366437439cdc0af1a9f",
                "sha256:b5100acb20648d9efd3f4e7e91f51187f95f22a741dcd719548a6cf4e1b34b3f",
                "sha256:b9ab8dec42afefa6314ea9b31b188259ffdd93f433d77cad454cd0b8d235ce1c",
                "sha256:bcf57d30659996ee5c7937999874504c11b5a068edc9515e6a59221cc2744dd1",
                "sha256:c0761d7ae8d65773e01515ebb0b304df1bf37a0a79546caad9cbe79a42c12af7",
                "sha256:c0924c64b082d4512b923ac016d6e1dcf647a3560b8a4c7e55cbbd13656cb4ed",
                "sha256:c13228fbecb03eadbfd8f521732c5fda09ef761af02e920a3148e18ad0e09968",
                "sha256:c1665138776e4ac1aa75146669236f7a8a696433ec4e525abf092ca9189247cc",
                "sha256:c227f2922153ee42bbeb355fd6d009f8c81d9d7bdd666e2276ce41f53ed9a743",
                "sha256:c7e121a918bbee3f12ac300ce0a0d2f2c979cf208fb071ed8df5a6323281915c",
                "sha256:ccaaf9b907ea6b4223d5cbf5fa5dff5f33dc66f4907a25b967b8a81339a6e332",
                "sha256:cce8027010d1ffa3eb89a0b19621cdc78ae548ea2b49fea1f7bfb3ea77064c2b",
                "sha256:cdc0a80f679353bd68450d2a42996090c30b2e15ca90ded6156c31f1a3b63f3b",
                "sha256:d00c95a2b6bfeb3ea1cb68d1751b1dfce2b05adc2a72c488d77a780db06ab867",
                "sha256:d792b84709021945597e05656aac059526df4e0c9ef60a0eaebb306f8fafcaa8",
                "sha256:d793c5b4d2b4c668524cd1651404cfc798d40694c759aec997e196fe9729ec60",
                "sha256:d89f85a5ccc0cec125c24be75610d433d65295827ebaf0d884cbe56df82d4774",
                "sha256:d96162140bb819814428800934c7b71b7bffe81fb6da2d6abc1dcca31741eca3",
                "sha256:db5fd91eec71e7b08de10011a2223d0faa20448d4e1380b9daa179fa7bf58906",
                "sha256:db970bcce4d63b37b3f9eb8c893f0db980bbf1d404a1d8d2b17aa8189de92c53",
                "sha256:dbb240c81cfed5d4a67cb86d7676d9f7ec9c3f186310bec37d8a1415210e111e",
                "sha256:e561dd47a85d2660d3d3af4e6cb2da825cf20f121e577147963f875b83d32786",
                "sha256:e581f75d5c0b15669139ca1c2d3e23a65bb90e3c06ba9d9ea194c377c726a904",
                "sha256:e689fed279cbe797a6b570bd18ff535b284d057202692c73420cb93cca41aa32",
                "sha256:ea8dfc99689240e61fb21b5fc2828f68b90abf7777d057b62d3166b7c1543c4c",
                "sha256:eb20c11aa4c3793c9ad04c19a972078cdadb261b8429380364be28e867a843f2",
                "sha256:ec661807ffc14c8d14bb0b8c1bb3d5906e476bc96f98b565b709d03962ee4dd4",
                "sha256:f374366ed35673ea81b86a8859c457d4fae6ba092b71024857e9e237410c7404",
                "sha256:f5a37a17d110f9d5357a43aa7e3507cb077bf3143d1c549a45c4649e90e40a70",
                "sha256:f9417fd853fcd00b7d55167e692966dd12d95ba1a88bf08a62002ccd85030790",
                "sha256:fdbade8acba71bb45057c2b72f477f0b527c4895f9c83e6cfc30d4a006c21726"
            ],
            "markers": "python_version >= '3.10'",
            "version": "==2026.2.19"
        },
        "tqdm": {
            "hashes": [
                "sha256:7d825f03f89244ef73f1d4ce193cb1774a8179fd96f31d7e1dcde62092b960bb",
                "sha256:ee1e4c0e59148062281c49d80b25b67771a127c85fc9676d3be5f243206826bf"
            ],
            "markers": "python_version >= '3.7'",
            "version": "==4.67.3"
        },
        "typing-extensions": {
            "hashes": [
                "sha256:1511434bb92bf8dd198c12b1cc812e800d4181cfcb867674e0f8279cc93087aa",
                "sha256:16fa4864408f655d35ec496218b85f79b3437c829e93320c7c9215ccfd92489e"
            ],
            "markers": "python_version < '3.8'",
            "version": "==4.4.0"
        },
        "zipp": {
            "hashes": [
                "sha256:2828e64edb5386ea6a52e7ba7cdb17bb30a73a858f5eb6eb93d8d36f5ea26091",
                "sha256:35427f6d5594f4acf82d25541438348c26736fa9b3afa2754bcd63cdb99d8e8f"
            ],
            "index": "pypi",
            "markers": "python_version >= '3.8'",
            "version": "==3.19.1"
        }
    },
    "develop": {}
}
