{
    "_meta": {
        "hash": {
            "sha256": "95bacc291700c0d3739fc888bf2edf2c0912992dd5c6b298606d65c87c990705"
        },
        "pipfile-spec": 6,
        "requires": {
            "python_version": "3.10"
        },
        "sources": [
            {
                "name": "pypi",
                "url": "https://pypi.org/simple",
                "verify_ssl": true
            }
        ]
    },
    "default": {
        "xlsxwriter": {
            "hashes": [
                "sha256:272ce861e7fa5e82a4a6ebc24511f2cb952fde3461f6c6e1a1e81d3272db1471",
                "sha256:befc7f92578a85fed261639fb6cde1fd51b79c5e854040847dde59d4317077dc"
            ],
            "index": "pypi",
            "markers": "python_version >= '3.6'",
            "version": "==3.2.2"
        }
    },
    "develop": {}
}
