{
    "_meta": {
        "hash": {
            "sha256": "8eb2edbafc88810c95de283235fb0bfd78996f88ec5a9b2c1f5056c74ab71f85"
        },
        "pipfile-spec": 6,
        "requires": {
            "python_version": "3.12"
        },
        "sources": [
            {
                "name": "pypi",
                "url": "https://pypi.org/simple",
                "verify_ssl": true
            }
        ]
    },
    "default": {
        "annotated-types": {
            "hashes": [
                "sha256:1f02e8b43a8fbbc3f3e0d4f0f4bfc8131bcb4eebe8849b8e5c773f3a1c582a53",
                "sha256:aff07c09a53a08bc8cfccb9c85b05f1aa9a2a6f23728d790723543408344ce89"
            ],
            "markers": "python_version >= '3.8'",
            "version": "==0.7.0"
        },
        "anyio": {
            "hashes": [
                "sha256:0287e96f4d26d4149305414d4e3bc32f0dcd0862365a4bddea19d7a1ec38c4fc",
                "sha256:82a8d0b81e318cc5ce71a5f1f8b5c4e63619620b63141ef8c995fa0db95a57c4"
            ],
            "markers": "python_version >= '3.9'",
            "version": "==4.11.0"
        },
        "click": {
            "hashes": [
                "sha256:9b9f285302c6e3064f4330c05f05b81945b2a39544279343e6e7c5f27a9baddc",
                "sha256:e7b8232224eba16f4ebe410c25ced9f7875cb5f3263ffc93cc3e8da705e229c4"
            ],
            "markers": "python_version >= '3.10'",
            "version": "==8.3.0"
        },
        "fastapi": {
            "hashes": [
                "sha256:451082403a2c1f0b99c6bd57c09110ed5463856804c8078d38e5a1f1035dbbb7",
                "sha256:90a2e49ed19515320abb864df570dd766be0662c5d577688f1600170f7f73cf2"
            ],
            "index": "pypi",
            "markers": "python_version >= '3.8'",
            "version": "==0.119.0"
        },
        "gevent": {
            "hashes": [
                "sha256:1c3443b0ed23dcb7c36a748d42587168672953d368f2956b17fad36d43b58836",
                "sha256:1d4fadc319b13ef0a3c44d2792f7918cf1bca27cacd4d41431c22e6b46668026",
                "sha256:1ea50009ecb7f1327347c37e9eb6561bdbc7de290769ee1404107b9a9cba7cf1",
                "sha256:2142704c2adce9cd92f6600f371afb2860a446bfd0be5bd86cca5b3e12130766",
                "sha256:351d1c0e4ef2b618ace74c91b9b28b3eaa0dd45141878a964e03c7873af09f62",
                "sha256:356b73d52a227d3313f8f828025b665deada57a43d02b1cf54e5d39028dbcf8d",
                "sha256:3d882faa24f347f761f934786dde6c73aa6c9187ee710189f12dcc3a63ed4a50",
                "sha256:58851f23c4bdb70390f10fc020c973ffcf409eb1664086792c8b1e20f25eef43",
                "sha256:68bee86b6e1c041a187347ef84cf03a792f0b6c7238378bf6ba4118af11feaae",
                "sha256:7398c629d43b1b6fd785db8ebd46c0a353880a6fab03d1cf9b6788e7240ee32e",
                "sha256:816b3883fa6842c1cf9d2786722014a0fd31b6312cca1f749890b9803000bad6",
                "sha256:81d918e952954675f93fb39001da02113ec4d5f4921bf5a0cc29719af6824e5d",
                "sha256:85329d556aaedced90a993226d7d1186a539c843100d393f2349b28c55131c85",
                "sha256:8619d5c888cb7aebf9aec6703e410620ef5ad48cdc2d813dd606f8aa7ace675f",
                "sha256:8bd1419114e9e4a3ed33a5bad766afff9a3cf765cb440a582a1b3a9bc80c1aca",
                "sha256:92e0d7759de2450a501effd99374256b26359e801b2d8bf3eedd3751973e87f5",
                "sha256:92fe5dfee4e671c74ffaa431fd7ffd0ebb4b339363d24d0d944de532409b935e",
                "sha256:97e2f3999a5c0656f42065d02939d64fffaf55861f7d62b0107a08f52c984897",
                "sha256:9d3b249e4e1f40c598ab8393fc01ae6a3b4d51fc1adae56d9ba5b315f6b2d758",
                "sha256:a3d75fa387b69c751a3d7c5c3ce7092a171555126e136c1d21ecd8b50c7a6e46",
                "sha256:a5f1701ce0f7832f333dd2faf624484cbac99e60656bfbb72504decd42970f0f",
                "sha256:b24d800328c39456534e3bc3e1684a28747729082684634789c2f5a8febe7671",
                "sha256:b5efe72e99b7243e222ba0c2c2ce9618d7d36644c166d63373af239da1036bab",
                "sha256:b7bfcfe08d038e1fa6de458891bca65c1ada6d145474274285822896a858c870",
                "sha256:beede1d1cff0c6fafae3ab58a0c470d7526196ef4cd6cc18e7769f207f2ea4eb",
                "sha256:c6b775381f805ff5faf250e3a07c0819529571d19bb2a9d474bee8c3f90d66af",
                "sha256:c9c935b83d40c748b6421625465b7308d87c7b3717275acd587eef2bd1c39546",
                "sha256:ca845138965c8c56d1550499d6b923eb1a2331acfa9e13b817ad8305dde83d11",
                "sha256:d618e118fdb7af1d6c1a96597a5cd6ac84a9f3732b5be8515c6a66e098d498b6",
                "sha256:d6c0a065e31ef04658f799215dddae8752d636de2bed61365c358f9c91e7af61",
                "sha256:d740206e69dfdfdcd34510c20adcb9777ce2cc18973b3441ab9767cd8948ca8a",
                "sha256:d7886b63ebfb865178ab28784accd32f287d5349b3ed71094c86e4d3ca738af5",
                "sha256:d9347690f4e53de2c4af74e62d6fabc940b6d4a6cad555b5a379f61e7d3f2a8e",
                "sha256:d9ca80711e6553880974898d99357fb649e062f9058418a92120ca06c18c3c59",
                "sha256:e24181d172f50097ac8fc272c8c5b030149b630df02d1c639ee9f878a470ba2b",
                "sha256:ec68e270543ecd532c4c1d70fca020f90aa5486ad49c4f3b8b2e64a66f5c9274",
                "sha256:f43f47e702d0c8e1b8b997c00f1601486f9f976f84ab704f8f11536e3fa144c9",
                "sha256:ff96c5739834c9a594db0e12bf59cb3fa0e5102fc7b893972118a3166733d61c"
            ],
            "index": "pypi",
            "markers": "python_version >= '3.9'",
            "version": "==24.11.1"
        },
        "greenlet": {
            "hashes": [
                "sha256:0153404a4bb921f0ff1abeb5ce8a5131da56b953eda6e14b88dc6bbc04d2049e",
                "sha256:03a088b9de532cbfe2ba2034b2b85e82df37874681e8c470d6fb2f8c04d7e4b7",
                "sha256:04b013dc07c96f83134b1e99888e7a79979f1a247e2a9f59697fa14b5862ed01",
                "sha256:05175c27cb459dcfc05d026c4232f9de8913ed006d42713cb8a5137bd49375f1",
                "sha256:09fc016b73c94e98e29af67ab7b9a879c307c6731a2c9da0db5a7d9b7edd1159",
                "sha256:0bbae94a29c9e5c7e4a2b7f0aae5c17e8e90acbfd3bf6270eeba60c39fce3563",
                "sha256:0fde093fb93f35ca72a556cf72c92ea3ebfda3d79fc35bb19fbe685853869a83",
                "sha256:1443279c19fca463fc33e65ef2a935a5b09bb90f978beab37729e1c3c6c25fe9",
                "sha256:1776fd7f989fc6b8d8c8cb8da1f6b82c5814957264d1f6cf818d475ec2bf6395",
                "sha256:1d3755bcb2e02de341c55b4fca7a745a24a9e7212ac953f6b3a48d117d7257aa",
                "sha256:23f20bb60ae298d7d8656c6ec6db134bca379ecefadb0b19ce6f19d1f232a942",
                "sha256:275f72decf9932639c1c6dd1013a1bc266438eb32710016a1c742df5da6e60a1",
                "sha256:2846930c65b47d70b9d178e89c7e1a69c95c1f68ea5aa0a58646b7a96df12441",
                "sha256:3319aa75e0e0639bc15ff54ca327e8dc7a6fe404003496e3c6925cd3142e0e22",
                "sha256:346bed03fe47414091be4ad44786d1bd8bef0c3fcad6ed3dee074a032ab408a9",
                "sha256:36b89d13c49216cadb828db8dfa6ce86bbbc476a82d3a6c397f0efae0525bdd0",
                "sha256:37b9de5a96111fc15418819ab4c4432e4f3c2ede61e660b1e33971eba26ef9ba",
                "sha256:396979749bd95f018296af156201d6211240e7a23090f50a8d5d18c370084dc3",
                "sha256:3b2813dc3de8c1ee3f924e4d4227999285fd335d1bcc0d2be6dc3f1f6a318ec1",
                "sha256:411f015496fec93c1c8cd4e5238da364e1da7a124bcb293f085bf2860c32c6f6",
                "sha256:47da355d8687fd65240c364c90a31569a133b7b60de111c255ef5b606f2ae291",
                "sha256:48ca08c771c268a768087b408658e216133aecd835c0ded47ce955381105ba39",
                "sha256:4afe7ea89de619adc868e087b4d2359282058479d7cfb94970adf4b55284574d",
                "sha256:4ce3ac6cdb6adf7946475d7ef31777c26d94bccc377e070a7986bd2d5c515467",
                "sha256:4ead44c85f8ab905852d3de8d86f6f8baf77109f9da589cb4fa142bd3b57b475",
                "sha256:54558ea205654b50c438029505def3834e80f0869a70fb15b871c29b4575ddef",
                "sha256:5e06afd14cbaf9e00899fae69b24a32f2196c19de08fcb9f4779dd4f004e5e7c",
                "sha256:62ee94988d6b4722ce0028644418d93a52429e977d742ca2ccbe1c4f4a792511",
                "sha256:63e4844797b975b9af3a3fb8f7866ff08775f5426925e1e0bbcfe7932059a12c",
                "sha256:6510bf84a6b643dabba74d3049ead221257603a253d0a9873f55f6a59a65f822",
                "sha256:667a9706c970cb552ede35aee17339a18e8f2a87a51fba2ed39ceeeb1004798a",
                "sha256:6ef9ea3f137e5711f0dbe5f9263e8c009b7069d8a1acea822bd5e9dae0ae49c8",
                "sha256:7017b2be767b9d43cc31416aba48aab0d2309ee31b4dbf10a1d38fb7972bdf9d",
                "sha256:7124e16b4c55d417577c2077be379514321916d5790fa287c9ed6f23bd2ffd01",
                "sha256:73aaad12ac0ff500f62cebed98d8789198ea0e6f233421059fa68a5aa7220145",
                "sha256:77c386de38a60d1dfb8e55b8c1101d68c79dfdd25c7095d51fec2dd800892b80",
                "sha256:7876452af029456b3f3549b696bb36a06db7c90747740c5302f74a9e9fa14b13",
                "sha256:7939aa3ca7d2a1593596e7ac6d59391ff30281ef280d8632fa03d81f7c5f955e",
                "sha256:8320f64b777d00dd7ccdade271eaf0cad6636343293a25074cc5566160e4de7b",
                "sha256:85f3ff71e2e60bd4b4932a043fbbe0f499e263c628390b285cb599154a3b03b1",
                "sha256:8b8b36671f10ba80e159378df9c4f15c14098c4fd73a36b9ad715f057272fbef",
                "sha256:93147c513fac16385d1036b7e5b102c7fbbdb163d556b791f0f11eada7ba65dc",
                "sha256:935e943ec47c4afab8965954bf49bfa639c05d4ccf9ef6e924188f762145c0ff",
                "sha256:94b6150a85e1b33b40b1464a3f9988dcc5251d6ed06842abff82e42632fac120",
                "sha256:94ebba31df2aa506d7b14866fed00ac141a867e63143fe5bca82a8e503b36437",
                "sha256:95ffcf719966dd7c453f908e208e14cde192e09fde6c7186c8f1896ef778d8cd",
                "sha256:98884ecf2ffb7d7fe6bd517e8eb99d31ff7855a840fa6d0d63cd07c037f6a981",
                "sha256:99cfaa2110534e2cf3ba31a7abcac9d328d1d9f1b95beede58294a60348fba36",
                "sha256:9e8f8c9cb53cdac7ba9793c276acd90168f416b9ce36799b9b885790f8ad6c0a",
                "sha256:a0dfc6c143b519113354e780a50381508139b07d2177cb6ad6a08278ec655798",
                "sha256:b2795058c23988728eec1f36a4e5e4ebad22f8320c85f3587b539b9ac84128d7",
                "sha256:b42703b1cf69f2aa1df7d1030b9d77d3e584a70755674d60e710f0af570f3761",
                "sha256:b7cede291382a78f7bb5f04a529cb18e068dd29e0fb27376074b6d0317bf4dd0",
                "sha256:b8a678974d1f3aa55f6cc34dc480169d58f2e6d8958895d68845fa4ab566509e",
                "sha256:b8da394b34370874b4572676f36acabac172602abf054cbc4ac910219f3340af",
                "sha256:c3a701fe5a9695b238503ce5bbe8218e03c3bcccf7e204e455e7462d770268aa",
                "sha256:c4aab7f6381f38a4b42f269057aee279ab0fc7bf2e929e3d4abfae97b682a12c",
                "sha256:ca9d0ff5ad43e785350894d97e13633a66e2b50000e8a183a50a88d834752d42",
                "sha256:d0028e725ee18175c6e422797c407874da24381ce0690d6b9396c204c7f7276e",
                "sha256:d21e10da6ec19b457b82636209cbe2331ff4306b54d06fa04b7c138ba18c8a81",
                "sha256:d5e975ca70269d66d17dd995dafc06f1b06e8cb1ec1e9ed54c1d1e4a7c4cf26e",
                "sha256:da7a9bff22ce038e19bf62c4dd1ec8391062878710ded0a845bcf47cc0200617",
                "sha256:db32b5348615a04b82240cc67983cb315309e88d444a288934ee6ceaebcad6cc",
                "sha256:dcc62f31eae24de7f8dce72134c8651c58000d3b1868e01392baea7c32c247de",
                "sha256:dfc59d69fc48664bc693842bd57acfdd490acafda1ab52c7836e3fc75c90a111",
                "sha256:e347b3bfcf985a05e8c0b7d462ba6f15b1ee1c909e2dcad795e49e91b152c383",
                "sha256:e4d333e558953648ca09d64f13e6d8f0523fa705f51cae3f03b5983489958c70",
                "sha256:ed10eac5830befbdd0c32f83e8aa6288361597550ba669b04c48f0f9a2c843c6",
                "sha256:efc0f674aa41b92da8c49e0346318c6075d734994c3c4e4430b1c3f853e498e4",
                "sha256:f1695e76146579f8c06c1509c7ce4dfe0706f49c6831a817ac04eebb2fd02011",
                "sha256:f1d4aeb8891338e60d1ab6127af1fe45def5259def8094b9c7e34690c8858803",
                "sha256:f406b22b7c9a9b4f8aa9d2ab13d6ae0ac3e85c9a809bd590ad53fed2bf70dc79",
                "sha256:f6ff3b14f2df4c41660a7dec01045a045653998784bf8cfcb5a525bdffffbc8f"
            ],
            "markers": "python_version >= '3.7'",
            "version": "==3.1.1"
        },
        "h11": {
            "hashes": [
                "sha256:4e35b956cf45792e4caa5885e69fba00bdbc6ffafbfa020300e549b208ee5ff1",
                "sha256:63cf8bbe7522de3bf65932fda1d9c2772064ffb3dae62d55932da54b31cb6c86"
            ],
            "markers": "python_version >= '3.8'",
            "version": "==0.16.0"
        },
        "idna": {
            "hashes": [
                "sha256:771a87f49d9defaf64091e6e6fe9c18d4833f140bd19464795bc32d966ca37ea",
                "sha256:795dafcc9c04ed0c1fb032c2aa73654d8e8c5023a7df64a53f39190ada629902"
            ],
            "markers": "python_version >= '3.8'",
            "version": "==3.11"
        },
        "lark-parser": {
            "hashes": [
                "sha256:062800f3823a6c733ec1d181a2089a22d1f62dbe65f90a3f6b1e6de1934b05ef"
            ],
            "version": "==0.6.7"
        },
        "pydantic": {
            "hashes": [
                "sha256:0af849d00e1879199babd468ec9db13b956f6608e9250500c1a9d69b6a62824e",
                "sha256:665931f5b4ab40c411439e66f99060d631d1acc58c3d481957b9123343d674d1"
            ],
            "index": "pypi",
            "markers": "python_version >= '3.9'",
            "version": "==2.12.1"
        },
        "pydantic-core": {
            "hashes": [
                "sha256:005bf20e48f6272803de8ba0be076e5bd7d015b7f02ebcc989bc24f85636d1d8",
                "sha256:05974468cff84ea112ad4992823f1300d822ad51df0eba4c3af3c4a4cbe5eca0",
                "sha256:091d3966dc2379e07b45b4fd9651fbab5b24ea3c62cc40637beaf691695e5f5a",
                "sha256:0c0d7e1a9f80f00a8180b9194ecef66958eb03f3c3ae2d77195c9d665ac0a61e",
                "sha256:0c77e8e72344e34052ea26905fa7551ecb75fc12795ca1a8e44f816918f4c718",
                "sha256:0d986b1defbe27867812dc3d8b3401d72be14449b255081e505046c02687010a",
                "sha256:12019e3a4ded7c4e84b11a761be843dfa9837444a1d7f621888ad499f0f72643",
                "sha256:16f216e4371a05ad3baa5aed152eae056c7e724663c2bcbb38edd607c17baa89",
                "sha256:16f80f366472eb6a3744149289c263e5ef182c8b18422192166b67625fef3c50",
                "sha256:18dd9a88bc1017bea142a4936de1a32aec9723f13d6cb434bd2aeec23208143a",
                "sha256:1a572d7d06b9fa6efeec32fbcd18c73081af66942b345664669867cf8e69c7b0",
                "sha256:1ac3ba94f3be9437da4ad611dacd356f040120668c5b1733b8ae035a13663c48",
                "sha256:1fe4ebd676c158a7994253161151b476dbbef2acbd2f547cfcfdf332cf67cc29",
                "sha256:20f7d53153eb2a5c2f7a8cccf1a45022e2b75668cad274f998b43313da03053d",
                "sha256:219a95d7638c6b3a50de749747afdf1c2bdf027653e4a3e1df2fefa1e238d8eb",
                "sha256:21b3a07248e481c06c4f208c53402fc143e817ce652a114f0c5d2acfd97b8b91",
                "sha256:21d4e730b75cfc62b3e24261030bd223ed5f867039f971027c551a7ab911f460",
                "sha256:248a5d1dac5382454927edf32660d0791d2df997b23b06a8cac6e3375bc79cee",
                "sha256:267b64a4845471c33f12155140d7449643c0c190b5ae3be6a7a3c04461ac494b",
                "sha256:2868fabfc35ec0738539ce0d79aab37aeffdcb9682b9b91f0ac4b0ba31abb1eb",
                "sha256:287cbcd3407a875eaf0b1efa2e5288493d5b79bfd3629459cf0b329ad8a9071a",
                "sha256:2a7dd8a6f5a9a2f8c7f36e4fc0982a985dbc4ac7176ee3df9f63179b7295b626",
                "sha256:2de13998e396d556c17065d7847e03f6c1ce6210eb1719a778a25425284f1a17",
                "sha256:2e169371f88113c8e642f7ac42c798109f1270832b577b5144962a7a028bfb0c",
                "sha256:32be442a017e82a6c496a52ef5db5f5ac9abf31c3064f5240ee15a1d27cc599e",
                "sha256:347a23094c98b7ea2ba6fff93b52bd2931a48c9c1790722d9e841f30e4b7afcd",
                "sha256:351b2c5c073ae8caaa11e4336f8419d844c9b936e123e72dbe2c43fa97e54781",
                "sha256:36388958d0c614df9f5de1a5f88f4b79359016b9ecdfc352037788a628616aa2",
                "sha256:3c50eba144add9104cf43ef9a3d81c37ebf48bfd0924b584b78ec2e03ec91daf",
                "sha256:3cbcad992c281b4960cb5550e218ff39a679c730a59859faa0bc9b8d87efbe6a",
                "sha256:4061cc82d7177417fdb90e23e67b27425ecde2652cfd2053b5b4661a489ddc19",
                "sha256:40db5705aec66371ca5792415c3e869137ae2bab48c48608db3f84986ccaf016",
                "sha256:41c38700094045b12c0cff35c8585954de66cf6dd63909fed1c2e6b8f38e1e1e",
                "sha256:43abc869cce9104ff35cb4eff3028e9a87346c95fe44e0173036bf4d782bdc3d",
                "sha256:446361e93f4ffe509edae5862fb89a0d24cbc8f2935f05c6584c2f2ca6e7b6df",
                "sha256:44af3276c0c2c14efde6590523e4d7e04bcd0e46e0134f0dbef1be0b64b2d3e3",
                "sha256:45b445c09095df0d422e8ef01065f1c0a7424a17b37646b71d857ead6428b084",
                "sha256:485398dacc5dddb2be280fd3998367531eccae8631f4985d048c2406a5ee5ecc",
                "sha256:4aa5a2327538f6b3c040604618cd36a960224ad7c22be96717b444c269f1a8b2",
                "sha256:503923874b5496b0a7d6479f481e02342771c1561e96c1e28b97a5ad056e55e9",
                "sha256:5253835aa145049205a67056884555a936f9b3fea7c3ce860bff62be6a1ae4d1",
                "sha256:539b1c01251fbc0789ad4e1dccf3e888062dd342b2796f403406855498afbc36",
                "sha256:54534eecbb7a331521f832e15fc307296f491ee1918dacfd4d5b900da6ee3332",
                "sha256:59aeed341f92440d51fdcc82c8e930cfb234f1843ed1d4ae1074f5fb9789a64b",
                "sha256:5dd40bb57cdae2a35e20d06910b93b13e8f57ffff5a0b0a45927953bad563a03",
                "sha256:5e67f86ffb40127851dba662b2d0ab400264ed37cfedeab6100515df41ccb325",
                "sha256:60110fe616b599c6e057142f2d75873e213bc0cbdac88f58dda8afb27a82f978",
                "sha256:6212874118704e27d177acee5b90b83556b14b2eb88aae01bae51cd9efe27019",
                "sha256:624503f918e472c0eed6935020c01b6a6b4bcdb7955a848da5c8805d40f15c0f",
                "sha256:63d787ea760052585c6bfc34310aa379346f2cec363fe178659664f80421804b",
                "sha256:668fcb317a0b3c84781796891128111c32f83458d436b022014ed0ea07f66e1b",
                "sha256:69297795efe5349156d18eebea818b75d29a1d3d1d5f26a250f22ab4220aacd6",
                "sha256:6b4be10152098b43c093a4b5e9e9da1ac7a1c954c1934d4438d07ba7b7bcf293",
                "sha256:6d972c97e91e294f1ce4c74034211b5c16d91b925c08704f5786e5e3743d8a20",
                "sha256:6dfe0898272bf675941cd1ea701677341357b77acadacabbd43d71e09763dceb",
                "sha256:70c01c179e1a786af804b93e3eb7506cd818744bff8cf9e3cda0d8bbb2d12204",
                "sha256:7528ff51a26985072291c4170bd1f16f396a46ef845a428ae97bdb01ebaee7f4",
                "sha256:75428ae73865ee366f159b68b9281c754df832494419b4eb46b7c3fbdb27756c",
                "sha256:79d9a98a80309189a49cffcd507c85032a2df35d005bd12d655f425ca80eec3d",
                "sha256:7bdc8b70bc4b68e4d891b46d018012cac7bbfe3b981a7c874716dde09ff09fd5",
                "sha256:7be34f5217ffc28404fc0ca6f07491a2a6a770faecfcf306384c142bccd2fdb4",
                "sha256:7c1010c4d2cc10703da089543c38909aa832656ffb85cd31dc3e3d73362e0249",
                "sha256:83847aa6026fb7149b9ef06e10c73ff83ac1d2aa478b28caa4f050670c1c9a37",
                "sha256:86ffbf5291c367a56b5718590dc3452890f2c1ac7b76d8f4a1e66df90bd717f6",
                "sha256:8741b0ab2acdd20c804432e08052791e66cf797afa5451e7e435367f88474b0b",
                "sha256:88461e25f62e58db4d8b180e2612684f31b5844db0a8f8c1c421498c97bc197b",
                "sha256:8c8f7cae4451a7e83d781bd862c43b3591ede41b6d6adc5dead81300c3e0fbae",
                "sha256:8d699904cd13d0f509bdbb17f0784abb332d4aa42df4b0a8b65932096fcd4b21",
                "sha256:8e0c81dc047c18059410c959a437540abcefea6a882d6e43b9bf45c291eaacd9",
                "sha256:8f7d4504d7bdce582a2700615d52dbe5f9de4ffab4815431f6da7edf5acc1329",
                "sha256:91a38e48cdcc17763ac0abcb27c2b5fca47c2bc79ca0821b5211b2adeb06c4d0",
                "sha256:91be4756e05367ce19a70e1db3b77f01f9e40ca70d26fb4cdfa993e53a08964a",
                "sha256:91dfe6a6e02916fd1fb630f1ebe0c18f9fd9d3cbfe84bb2599f195ebbb0edb9b",
                "sha256:92d96bb0abce0ce71f90845ad25b5521fbf8ce6e5589f4937cb047e4f5a36c76",
                "sha256:947e1c5e79c54e313742c9dc25a439d38c5dcfde14f6a9a9069b3295f190c444",
                "sha256:95da6803d101b5c35e4ea80f44da5ba5422f6695690570d7cc15f04a12ca4e33",
                "sha256:971efe83bac3d5db781ee1b4836ac2cdd53cf7f727edfd4bb0a18029f9409ef2",
                "sha256:984ca0113b39dda1d7c358d6db03dd6539ef244d0558351806c1327239e035bf",
                "sha256:98ad9402d6cc194b21adb4626ead88fcce8bc287ef434502dbb4d5b71bdb9a47",
                "sha256:98c54e5ad0399ac79c0b6b567693d0f8c44b5a0d67539826cc1dd495e47d1307",
                "sha256:99b17a3ed3b8bf769815c782710e520b9b4efcede14eeea71ef57a2a16870ec9",
                "sha256:9af9a9ae24b866ce58462a7de61c33ff035e052b7a9c05c29cf496bd6a16a63f",
                "sha256:a6ded5abbb7391c0db9e002aaa5f0e3a49a024b0a22e2ed09ab69087fd5ab8a8",
                "sha256:a8596700fdd3ee12b0d9c1f2395f4c32557e7ebfbfacdc08055b0bcbe7d2827e",
                "sha256:af10c78f0e9086d2d883ddd5a6482a613ad435eb5739cf1467b1f86169e63d91",
                "sha256:b0947cd92f782cfc7bb595fd046a5a5c83e9f9524822f071f6b602f08d14b653",
                "sha256:b1d9699a4dae10a7719951cca1e30b591ef1dd9cdda9fec39282a283576c0241",
                "sha256:b387f08b378924fa82bd86e03c9d61d6daca1a73ffb3947bdcfe12ea14c41f68",
                "sha256:b5ff0467a8c1b6abb0ab9c9ea80e2e3a9788592e44c726c2db33fdaf1b5e7d0b",
                "sha256:bbcc6bbcc83979b82fc1642dafd94b07c49f9b8e3b1df625f1c1aa676f952e48",
                "sha256:c0178ad5e586d3e394f4b642f0bb7a434bcf34d1e9716cc4bd74e34e35283152",
                "sha256:c32474bb2324b574dc57aea40cb415c8ca81b73bc103f5644a15095d5552df8f",
                "sha256:c58c5acda77802eedde3aaf22be09e37cfec060696da64bf6e6ffb2480fdabd0",
                "sha256:c5cb19f36253152c509abe76c1d1b185436e0c75f392a82934fe37f4a1264449",
                "sha256:c6a24c82674a3a8e7f7306e57e98219e5c1cdfc0f57bc70986930dda136230b2",
                "sha256:c6ea2102958eb5ad560d570c49996e215a6939d9bffd0e9fd3b9e808a55008cc",
                "sha256:c7f96e6fc3ab59e1ba1132f3105be9b8b7f80d071c73f7e8d2e1f594cbb64907",
                "sha256:cb13d215db8cb0f601227785f6d32c577387253ba3a47cbef72e7c6c93c13023",
                "sha256:cb3c63f4014a603caee687cd5c3c63298d2c8951b7acb2ccd0befbf2e1c0b8ad",
                "sha256:cb4f40c93307e1c50996e4edcddf338e1f3f1fb86fb69b654111c6050ae3b081",
                "sha256:cb82cd643a2ad7ebf94bdb7fa6c339801b0fe8c7920610d6da7b691647ef5842",
                "sha256:cd0d26f1e4335d5f84abfc880da0afa080c8222410482f9ee12043bb05f55ec8",
                "sha256:cdebb34b36ad05e8d77b4e797ad38a2a775c2a07a8fa386d4f6943b7778dcd39",
                "sha256:ce7d8f4353f82259b55055bd162bbaf599f6c40cd0c098e989eeb95f9fdc022f",
                "sha256:d0a1e90642dd6040cfcf509230fb1c3df257f7420d52b5401b3ce164acb0a342",
                "sha256:d4ebfa1864046c44669cd789a613ec39ee194fe73842e369d129d716730216d9",
                "sha256:d5099f1b97e79f0e45cb6a236a5bd1a20078ed50b1b28f3d17f6c83ff3585baa",
                "sha256:d5e01519c8322a489167abb1aceaab1a9e4c7d3e665dc3f7b0b1355910fcb698",
                "sha256:e1c133e3447c2f6d95e47ede58fff0053370758112a1d39117d0af8c93584049",
                "sha256:e2135eff48d3b6a2abfe7b26395d350ea76a460d3de3cf2521fe2f15f222fa29",
                "sha256:e301551c63d46122972ab5523a1438772cdde5d62d34040dac6f11017f18cc5d",
                "sha256:ecad4d7d264f6df23db68ca3024919a7aab34b4c44d9a9280952863a7a0c5e81",
                "sha256:edfe9b4cee4a91da7247c25732f24504071f3e101c050694d18194b7d2d320bf",
                "sha256:ef37228238b3a280170ac43a010835c4a7005742bc8831c2c1a9560de4595dbe",
                "sha256:f06a9e81da60e5a0ef584f6f4790f925c203880ae391bf363d97126fd1790b21",
                "sha256:fc836eb8561f04fede7b73747463bd08715be0f55c427e0f0198aa2f1d92f913",
                "sha256:fce6e6505b9807d3c20476fa016d0bd4d54a858fe648d6f5ef065286410c3da7"
            ],
            "markers": "python_version >= '3.9'",
            "version": "==2.41.3"
        },
        "setuptools": {
            "hashes": [
                "sha256:c5afc8f407c626b8313a86e10311dd3f661c6cd9c09d4bf8c15c0e11f9f2b0e6",
                "sha256:e3982f444617239225d675215d51f6ba05f845d4eec313da4418fdbb56fb27e3"
            ],
            "markers": "python_version >= '3.9'",
            "version": "==75.8.0"
        },
        "sniffio": {
            "hashes": [
                "sha256:2f6da418d1f1e0fddd844478f41680e794e6051915791a034ff65e5f100525a2",
                "sha256:f4324edc670a0f49750a81b895f35c3adb843cca46f0530f79fc1babb23789dc"
            ],
            "markers": "python_version >= '3.7'",
            "version": "==1.3.1"
        },
        "starlette": {
            "hashes": [
                "sha256:0764ca97b097582558ecb498132ed0c7d942f233f365b86ba37770e026510659",
                "sha256:7e8cee469a8ab2352911528110ce9088fdc6a37d9876926e73da7ce4aa4c7a46"
            ],
            "markers": "python_version >= '3.9'",
            "version": "==0.48.0"
        },
        "syslog-rfc5424-parser": {
            "hashes": [
                "sha256:6134ee1958da89ab7f8d32ed5370a49ddabcc99d75a950b6ec59708417f20a7a",
                "sha256:80a9239d4da404a271266000f4c5f00a183af3d03d53d19d7052c8272430bee9"
            ],
            "index": "pypi",
            "version": "==0.3.2"
        },
        "syslogmp": {
            "hashes": [
                "sha256:bcf94858407cf8993e9bf73dc306157f087db6c66503e74853d0a95bf6a4f0fb",
                "sha256:c25215db4b167d333c829d6e2afd83d7c8fb2ce3957f1b64019fac527398ca23"
            ],
            "index": "pypi",
            "markers": "python_version >= '3.7'",
            "version": "==0.4"
        },
        "typing-extensions": {
            "hashes": [
                "sha256:0cea48d173cc12fa28ecabc3b837ea3cf6f38c6d1136f85cbaaf598984861466",
                "sha256:f0fa19c6845758ab08074a0cfa8b7aecb71c999ca73d62883bc25cc018c4e548"
            ],
            "markers": "python_version >= '3.9'",
            "version": "==4.15.0"
        },
        "typing-inspection": {
            "hashes": [
                "sha256:4ed1cacbdc298c220f1bd249ed5287caa16f34d44ef4e9c3d0cbad5b521545e7",
                "sha256:ba561c48a67c5958007083d386c3295464928b01faa735ab8547c5692e87f464"
            ],
            "markers": "python_version >= '3.9'",
            "version": "==0.4.2"
        },
        "uvicorn": {
            "hashes": [
                "sha256:4115c8add6d3fd536c8ee77f0e14a7fd2ebba939fed9b02583a97f80648f9e13",
                "sha256:913b2b88672343739927ce381ff9e2ad62541f9f8289664fa1d1d3803fa2ce6c"
            ],
            "index": "pypi",
            "markers": "python_version >= '3.9'",
            "version": "==0.37.0"
        },
        "zope.event": {
            "hashes": [
                "sha256:2832e95014f4db26c47a13fdaef84cef2f4df37e66b59d8f1f4a8f319a632c26",
                "sha256:bac440d8d9891b4068e2b5a2c5e2c9765a9df762944bda6955f96bb9b91e67cd"
            ],
            "markers": "python_version >= '3.7'",
            "version": "==5.0"
        },
        "zope.interface": {
            "hashes": [
                "sha256:033b3923b63474800b04cba480b70f6e6243a62208071fc148354f3f89cc01b7",
                "sha256:05b910a5afe03256b58ab2ba6288960a2892dfeef01336dc4be6f1b9ed02ab0a",
                "sha256:086ee2f51eaef1e4a52bd7d3111a0404081dadae87f84c0ad4ce2649d4f708b7",
                "sha256:0ef9e2f865721553c6f22a9ff97da0f0216c074bd02b25cf0d3af60ea4d6931d",
                "sha256:1090c60116b3da3bfdd0c03406e2f14a1ff53e5771aebe33fec1edc0a350175d",
                "sha256:144964649eba4c5e4410bb0ee290d338e78f179cdbfd15813de1a664e7649b3b",
                "sha256:15398c000c094b8855d7d74f4fdc9e73aa02d4d0d5c775acdef98cdb1119768d",
                "sha256:1909f52a00c8c3dcab6c4fad5d13de2285a4b3c7be063b239b8dc15ddfb73bd2",
                "sha256:21328fcc9d5b80768bf051faa35ab98fb979080c18e6f84ab3f27ce703bce465",
                "sha256:224b7b0314f919e751f2bca17d15aad00ddbb1eadf1cb0190fa8175edb7ede62",
                "sha256:25e6a61dcb184453bb00eafa733169ab6d903e46f5c2ace4ad275386f9ab327a",
                "sha256:27f926f0dcb058211a3bb3e0e501c69759613b17a553788b2caeb991bed3b61d",
                "sha256:29caad142a2355ce7cfea48725aa8bcf0067e2b5cc63fcf5cd9f97ad12d6afb5",
                "sha256:2ad9913fd858274db8dd867012ebe544ef18d218f6f7d1e3c3e6d98000f14b75",
                "sha256:31d06db13a30303c08d61d5fb32154be51dfcbdb8438d2374ae27b4e069aac40",
                "sha256:3e0350b51e88658d5ad126c6a57502b19d5f559f6cb0a628e3dc90442b53dd98",
                "sha256:3f6771d1647b1fc543d37640b45c06b34832a943c80d1db214a37c31161a93f1",
                "sha256:4893395d5dd2ba655c38ceb13014fd65667740f09fa5bb01caa1e6284e48c0cd",
                "sha256:52e446f9955195440e787596dccd1411f543743c359eeb26e9b2c02b077b0519",
                "sha256:550f1c6588ecc368c9ce13c44a49b8d6b6f3ca7588873c679bd8fd88a1b557b6",
                "sha256:72cd1790b48c16db85d51fbbd12d20949d7339ad84fd971427cf00d990c1f137",
                "sha256:7bd449c306ba006c65799ea7912adbbfed071089461a19091a228998b82b1fdb",
                "sha256:7dc5016e0133c1a1ec212fc87a4f7e7e562054549a99c73c8896fa3a9e80cbc7",
                "sha256:802176a9f99bd8cc276dcd3b8512808716492f6f557c11196d42e26c01a69a4c",
                "sha256:80ecf2451596f19fd607bb09953f426588fc1e79e93f5968ecf3367550396b22",
                "sha256:8b49f1a3d1ee4cdaf5b32d2e738362c7f5e40ac8b46dd7d1a65e82a4872728fe",
                "sha256:8e7da17f53e25d1a3bde5da4601e026adc9e8071f9f6f936d0fe3fe84ace6d54",
                "sha256:a102424e28c6b47c67923a1f337ede4a4c2bba3965b01cf707978a801fc7442c",
                "sha256:a19a6cc9c6ce4b1e7e3d319a473cf0ee989cbbe2b39201d7c19e214d2dfb80c7",
                "sha256:a71a5b541078d0ebe373a81a3b7e71432c61d12e660f1d67896ca62d9628045b",
                "sha256:baf95683cde5bc7d0e12d8e7588a3eb754d7c4fa714548adcd96bdf90169f021",
                "sha256:cab15ff4832580aa440dc9790b8a6128abd0b88b7ee4dd56abacbc52f212209d",
                "sha256:ce290e62229964715f1011c3dbeab7a4a1e4971fd6f31324c4519464473ef9f2",
                "sha256:d3a8ffec2a50d8ec470143ea3d15c0c52d73df882eef92de7537e8ce13475e8a",
                "sha256:e204937f67b28d2dca73ca936d3039a144a081fc47a07598d44854ea2a106239",
                "sha256:eb23f58a446a7f09db85eda09521a498e109f137b85fb278edb2e34841055398",
                "sha256:f6dd02ec01f4468da0f234da9d9c8545c5412fef80bc590cc51d8dd084138a89"
            ],
            "markers": "python_version >= '3.8'",
            "version": "==7.2"
        }
    },
    "develop": {}
}
