{
    "_meta": {
        "hash": {
            "sha256": "8eb2edbafc88810c95de283235fb0bfd78996f88ec5a9b2c1f5056c74ab71f85"
        },
        "pipfile-spec": 6,
        "requires": {
            "python_version": "3.12"
        },
        "sources": [
            {
                "name": "pypi",
                "url": "https://pypi.org/simple",
                "verify_ssl": true
            }
        ]
    },
    "default": {
        "annotated-doc": {
            "hashes": [
                "sha256:348ec6664a76f1fd3be81f43dffbee4c7e8ce931ba71ec67cc7f4ade7fbbb580",
                "sha256:e18370014c70187422c33e945053ff4c286f453a984eba84d0dbfa0c935adeda"
            ],
            "markers": "python_version >= '3.8'",
            "version": "==0.0.3"
        },
        "annotated-types": {
            "hashes": [
                "sha256:1f02e8b43a8fbbc3f3e0d4f0f4bfc8131bcb4eebe8849b8e5c773f3a1c582a53",
                "sha256:aff07c09a53a08bc8cfccb9c85b05f1aa9a2a6f23728d790723543408344ce89"
            ],
            "markers": "python_version >= '3.8'",
            "version": "==0.7.0"
        },
        "anyio": {
            "hashes": [
                "sha256:0287e96f4d26d4149305414d4e3bc32f0dcd0862365a4bddea19d7a1ec38c4fc",
                "sha256:82a8d0b81e318cc5ce71a5f1f8b5c4e63619620b63141ef8c995fa0db95a57c4"
            ],
            "markers": "python_version >= '3.9'",
            "version": "==4.11.0"
        },
        "click": {
            "hashes": [
                "sha256:9b9f285302c6e3064f4330c05f05b81945b2a39544279343e6e7c5f27a9baddc",
                "sha256:e7b8232224eba16f4ebe410c25ced9f7875cb5f3263ffc93cc3e8da705e229c4"
            ],
            "markers": "python_version >= '3.10'",
            "version": "==8.3.0"
        },
        "fastapi": {
            "hashes": [
                "sha256:17db50718ee86c9e01e54f9d8600abf130f6f762711cd0d8f02eb392668271ba",
                "sha256:bfee21c98db9128dc425a686eafd14899e26e4471aab33076bff2427fd6dcd22"
            ],
            "index": "pypi",
            "markers": "python_version >= '3.8'",
            "version": "==0.120.3"
        },
        "gevent": {
            "hashes": [
                "sha256:1c3443b0ed23dcb7c36a748d42587168672953d368f2956b17fad36d43b58836",
                "sha256:1d4fadc319b13ef0a3c44d2792f7918cf1bca27cacd4d41431c22e6b46668026",
                "sha256:1ea50009ecb7f1327347c37e9eb6561bdbc7de290769ee1404107b9a9cba7cf1",
                "sha256:2142704c2adce9cd92f6600f371afb2860a446bfd0be5bd86cca5b3e12130766",
                "sha256:351d1c0e4ef2b618ace74c91b9b28b3eaa0dd45141878a964e03c7873af09f62",
                "sha256:356b73d52a227d3313f8f828025b665deada57a43d02b1cf54e5d39028dbcf8d",
                "sha256:3d882faa24f347f761f934786dde6c73aa6c9187ee710189f12dcc3a63ed4a50",
                "sha256:58851f23c4bdb70390f10fc020c973ffcf409eb1664086792c8b1e20f25eef43",
                "sha256:68bee86b6e1c041a187347ef84cf03a792f0b6c7238378bf6ba4118af11feaae",
                "sha256:7398c629d43b1b6fd785db8ebd46c0a353880a6fab03d1cf9b6788e7240ee32e",
                "sha256:816b3883fa6842c1cf9d2786722014a0fd31b6312cca1f749890b9803000bad6",
                "sha256:81d918e952954675f93fb39001da02113ec4d5f4921bf5a0cc29719af6824e5d",
                "sha256:85329d556aaedced90a993226d7d1186a539c843100d393f2349b28c55131c85",
                "sha256:8619d5c888cb7aebf9aec6703e410620ef5ad48cdc2d813dd606f8aa7ace675f",
                "sha256:8bd1419114e9e4a3ed33a5bad766afff9a3cf765cb440a582a1b3a9bc80c1aca",
                "sha256:92e0d7759de2450a501effd99374256b26359e801b2d8bf3eedd3751973e87f5",
                "sha256:92fe5dfee4e671c74ffaa431fd7ffd0ebb4b339363d24d0d944de532409b935e",
                "sha256:97e2f3999a5c0656f42065d02939d64fffaf55861f7d62b0107a08f52c984897",
                "sha256:9d3b249e4e1f40c598ab8393fc01ae6a3b4d51fc1adae56d9ba5b315f6b2d758",
                "sha256:a3d75fa387b69c751a3d7c5c3ce7092a171555126e136c1d21ecd8b50c7a6e46",
                "sha256:a5f1701ce0f7832f333dd2faf624484cbac99e60656bfbb72504decd42970f0f",
                "sha256:b24d800328c39456534e3bc3e1684a28747729082684634789c2f5a8febe7671",
                "sha256:b5efe72e99b7243e222ba0c2c2ce9618d7d36644c166d63373af239da1036bab",
                "sha256:b7bfcfe08d038e1fa6de458891bca65c1ada6d145474274285822896a858c870",
                "sha256:beede1d1cff0c6fafae3ab58a0c470d7526196ef4cd6cc18e7769f207f2ea4eb",
                "sha256:c6b775381f805ff5faf250e3a07c0819529571d19bb2a9d474bee8c3f90d66af",
                "sha256:c9c935b83d40c748b6421625465b7308d87c7b3717275acd587eef2bd1c39546",
                "sha256:ca845138965c8c56d1550499d6b923eb1a2331acfa9e13b817ad8305dde83d11",
                "sha256:d618e118fdb7af1d6c1a96597a5cd6ac84a9f3732b5be8515c6a66e098d498b6",
                "sha256:d6c0a065e31ef04658f799215dddae8752d636de2bed61365c358f9c91e7af61",
                "sha256:d740206e69dfdfdcd34510c20adcb9777ce2cc18973b3441ab9767cd8948ca8a",
                "sha256:d7886b63ebfb865178ab28784accd32f287d5349b3ed71094c86e4d3ca738af5",
                "sha256:d9347690f4e53de2c4af74e62d6fabc940b6d4a6cad555b5a379f61e7d3f2a8e",
                "sha256:d9ca80711e6553880974898d99357fb649e062f9058418a92120ca06c18c3c59",
                "sha256:e24181d172f50097ac8fc272c8c5b030149b630df02d1c639ee9f878a470ba2b",
                "sha256:ec68e270543ecd532c4c1d70fca020f90aa5486ad49c4f3b8b2e64a66f5c9274",
                "sha256:f43f47e702d0c8e1b8b997c00f1601486f9f976f84ab704f8f11536e3fa144c9",
                "sha256:ff96c5739834c9a594db0e12bf59cb3fa0e5102fc7b893972118a3166733d61c"
            ],
            "index": "pypi",
            "markers": "python_version >= '3.9'",
            "version": "==24.11.1"
        },
        "greenlet": {
            "hashes": [
                "sha256:0153404a4bb921f0ff1abeb5ce8a5131da56b953eda6e14b88dc6bbc04d2049e",
                "sha256:03a088b9de532cbfe2ba2034b2b85e82df37874681e8c470d6fb2f8c04d7e4b7",
                "sha256:04b013dc07c96f83134b1e99888e7a79979f1a247e2a9f59697fa14b5862ed01",
                "sha256:05175c27cb459dcfc05d026c4232f9de8913ed006d42713cb8a5137bd49375f1",
                "sha256:09fc016b73c94e98e29af67ab7b9a879c307c6731a2c9da0db5a7d9b7edd1159",
                "sha256:0bbae94a29c9e5c7e4a2b7f0aae5c17e8e90acbfd3bf6270eeba60c39fce3563",
                "sha256:0fde093fb93f35ca72a556cf72c92ea3ebfda3d79fc35bb19fbe685853869a83",
                "sha256:1443279c19fca463fc33e65ef2a935a5b09bb90f978beab37729e1c3c6c25fe9",
                "sha256:1776fd7f989fc6b8d8c8cb8da1f6b82c5814957264d1f6cf818d475ec2bf6395",
                "sha256:1d3755bcb2e02de341c55b4fca7a745a24a9e7212ac953f6b3a48d117d7257aa",
                "sha256:23f20bb60ae298d7d8656c6ec6db134bca379ecefadb0b19ce6f19d1f232a942",
                "sha256:275f72decf9932639c1c6dd1013a1bc266438eb32710016a1c742df5da6e60a1",
                "sha256:2846930c65b47d70b9d178e89c7e1a69c95c1f68ea5aa0a58646b7a96df12441",
                "sha256:3319aa75e0e0639bc15ff54ca327e8dc7a6fe404003496e3c6925cd3142e0e22",
                "sha256:346bed03fe47414091be4ad44786d1bd8bef0c3fcad6ed3dee074a032ab408a9",
                "sha256:36b89d13c49216cadb828db8dfa6ce86bbbc476a82d3a6c397f0efae0525bdd0",
                "sha256:37b9de5a96111fc15418819ab4c4432e4f3c2ede61e660b1e33971eba26ef9ba",
                "sha256:396979749bd95f018296af156201d6211240e7a23090f50a8d5d18c370084dc3",
                "sha256:3b2813dc3de8c1ee3f924e4d4227999285fd335d1bcc0d2be6dc3f1f6a318ec1",
                "sha256:411f015496fec93c1c8cd4e5238da364e1da7a124bcb293f085bf2860c32c6f6",
                "sha256:47da355d8687fd65240c364c90a31569a133b7b60de111c255ef5b606f2ae291",
                "sha256:48ca08c771c268a768087b408658e216133aecd835c0ded47ce955381105ba39",
                "sha256:4afe7ea89de619adc868e087b4d2359282058479d7cfb94970adf4b55284574d",
                "sha256:4ce3ac6cdb6adf7946475d7ef31777c26d94bccc377e070a7986bd2d5c515467",
                "sha256:4ead44c85f8ab905852d3de8d86f6f8baf77109f9da589cb4fa142bd3b57b475",
                "sha256:54558ea205654b50c438029505def3834e80f0869a70fb15b871c29b4575ddef",
                "sha256:5e06afd14cbaf9e00899fae69b24a32f2196c19de08fcb9f4779dd4f004e5e7c",
                "sha256:62ee94988d6b4722ce0028644418d93a52429e977d742ca2ccbe1c4f4a792511",
                "sha256:63e4844797b975b9af3a3fb8f7866ff08775f5426925e1e0bbcfe7932059a12c",
                "sha256:6510bf84a6b643dabba74d3049ead221257603a253d0a9873f55f6a59a65f822",
                "sha256:667a9706c970cb552ede35aee17339a18e8f2a87a51fba2ed39ceeeb1004798a",
                "sha256:6ef9ea3f137e5711f0dbe5f9263e8c009b7069d8a1acea822bd5e9dae0ae49c8",
                "sha256:7017b2be767b9d43cc31416aba48aab0d2309ee31b4dbf10a1d38fb7972bdf9d",
                "sha256:7124e16b4c55d417577c2077be379514321916d5790fa287c9ed6f23bd2ffd01",
                "sha256:73aaad12ac0ff500f62cebed98d8789198ea0e6f233421059fa68a5aa7220145",
                "sha256:77c386de38a60d1dfb8e55b8c1101d68c79dfdd25c7095d51fec2dd800892b80",
                "sha256:7876452af029456b3f3549b696bb36a06db7c90747740c5302f74a9e9fa14b13",
                "sha256:7939aa3ca7d2a1593596e7ac6d59391ff30281ef280d8632fa03d81f7c5f955e",
                "sha256:8320f64b777d00dd7ccdade271eaf0cad6636343293a25074cc5566160e4de7b",
                "sha256:85f3ff71e2e60bd4b4932a043fbbe0f499e263c628390b285cb599154a3b03b1",
                "sha256:8b8b36671f10ba80e159378df9c4f15c14098c4fd73a36b9ad715f057272fbef",
                "sha256:93147c513fac16385d1036b7e5b102c7fbbdb163d556b791f0f11eada7ba65dc",
                "sha256:935e943ec47c4afab8965954bf49bfa639c05d4ccf9ef6e924188f762145c0ff",
                "sha256:94b6150a85e1b33b40b1464a3f9988dcc5251d6ed06842abff82e42632fac120",
                "sha256:94ebba31df2aa506d7b14866fed00ac141a867e63143fe5bca82a8e503b36437",
                "sha256:95ffcf719966dd7c453f908e208e14cde192e09fde6c7186c8f1896ef778d8cd",
                "sha256:98884ecf2ffb7d7fe6bd517e8eb99d31ff7855a840fa6d0d63cd07c037f6a981",
                "sha256:99cfaa2110534e2cf3ba31a7abcac9d328d1d9f1b95beede58294a60348fba36",
                "sha256:9e8f8c9cb53cdac7ba9793c276acd90168f416b9ce36799b9b885790f8ad6c0a",
                "sha256:a0dfc6c143b519113354e780a50381508139b07d2177cb6ad6a08278ec655798",
                "sha256:b2795058c23988728eec1f36a4e5e4ebad22f8320c85f3587b539b9ac84128d7",
                "sha256:b42703b1cf69f2aa1df7d1030b9d77d3e584a70755674d60e710f0af570f3761",
                "sha256:b7cede291382a78f7bb5f04a529cb18e068dd29e0fb27376074b6d0317bf4dd0",
                "sha256:b8a678974d1f3aa55f6cc34dc480169d58f2e6d8958895d68845fa4ab566509e",
                "sha256:b8da394b34370874b4572676f36acabac172602abf054cbc4ac910219f3340af",
                "sha256:c3a701fe5a9695b238503ce5bbe8218e03c3bcccf7e204e455e7462d770268aa",
                "sha256:c4aab7f6381f38a4b42f269057aee279ab0fc7bf2e929e3d4abfae97b682a12c",
                "sha256:ca9d0ff5ad43e785350894d97e13633a66e2b50000e8a183a50a88d834752d42",
                "sha256:d0028e725ee18175c6e422797c407874da24381ce0690d6b9396c204c7f7276e",
                "sha256:d21e10da6ec19b457b82636209cbe2331ff4306b54d06fa04b7c138ba18c8a81",
                "sha256:d5e975ca70269d66d17dd995dafc06f1b06e8cb1ec1e9ed54c1d1e4a7c4cf26e",
                "sha256:da7a9bff22ce038e19bf62c4dd1ec8391062878710ded0a845bcf47cc0200617",
                "sha256:db32b5348615a04b82240cc67983cb315309e88d444a288934ee6ceaebcad6cc",
                "sha256:dcc62f31eae24de7f8dce72134c8651c58000d3b1868e01392baea7c32c247de",
                "sha256:dfc59d69fc48664bc693842bd57acfdd490acafda1ab52c7836e3fc75c90a111",
                "sha256:e347b3bfcf985a05e8c0b7d462ba6f15b1ee1c909e2dcad795e49e91b152c383",
                "sha256:e4d333e558953648ca09d64f13e6d8f0523fa705f51cae3f03b5983489958c70",
                "sha256:ed10eac5830befbdd0c32f83e8aa6288361597550ba669b04c48f0f9a2c843c6",
                "sha256:efc0f674aa41b92da8c49e0346318c6075d734994c3c4e4430b1c3f853e498e4",
                "sha256:f1695e76146579f8c06c1509c7ce4dfe0706f49c6831a817ac04eebb2fd02011",
                "sha256:f1d4aeb8891338e60d1ab6127af1fe45def5259def8094b9c7e34690c8858803",
                "sha256:f406b22b7c9a9b4f8aa9d2ab13d6ae0ac3e85c9a809bd590ad53fed2bf70dc79",
                "sha256:f6ff3b14f2df4c41660a7dec01045a045653998784bf8cfcb5a525bdffffbc8f"
            ],
            "markers": "python_version >= '3.7'",
            "version": "==3.1.1"
        },
        "h11": {
            "hashes": [
                "sha256:4e35b956cf45792e4caa5885e69fba00bdbc6ffafbfa020300e549b208ee5ff1",
                "sha256:63cf8bbe7522de3bf65932fda1d9c2772064ffb3dae62d55932da54b31cb6c86"
            ],
            "markers": "python_version >= '3.8'",
            "version": "==0.16.0"
        },
        "idna": {
            "hashes": [
                "sha256:771a87f49d9defaf64091e6e6fe9c18d4833f140bd19464795bc32d966ca37ea",
                "sha256:795dafcc9c04ed0c1fb032c2aa73654d8e8c5023a7df64a53f39190ada629902"
            ],
            "markers": "python_version >= '3.8'",
            "version": "==3.11"
        },
        "lark-parser": {
            "hashes": [
                "sha256:062800f3823a6c733ec1d181a2089a22d1f62dbe65f90a3f6b1e6de1934b05ef"
            ],
            "version": "==0.6.7"
        },
        "pydantic": {
            "hashes": [
                "sha256:1da1c82b0fc140bb0103bc1441ffe062154c8d38491189751ee00fd8ca65ce74",
                "sha256:6986454a854bc3bc6e5443e1369e06a3a456af9d339eda45510f517d9ea5c6bf"
            ],
            "index": "pypi",
            "markers": "python_version >= '3.9'",
            "version": "==2.12.3"
        },
        "pydantic-core": {
            "hashes": [
                "sha256:025ba34a4cf4fb32f917d5d188ab5e702223d3ba603be4d8aca2f82bede432a4",
                "sha256:09c2a60e55b357284b5f31f5ab275ba9f7f70b7525e18a132ec1f9160b4f1f03",
                "sha256:0c19cb355224037c83642429b8ce261ae108e1c5fbf5c028bac63c77b0f8646e",
                "sha256:0cf2a1f599efe57fa0051312774280ee0f650e11152325e41dfd3018ef2c1b57",
                "sha256:0f184d657fa4947ae5ec9c47bd7e917730fa1cbb78195037e32dcbab50aca5ee",
                "sha256:15dd504af121caaf2c95cb90c0ebf71603c53de98305621b94da0f967e572def",
                "sha256:170ee6835f6c71081d031ef1c3b4dc4a12b9efa6a9540f93f95b82f3c7571ae8",
                "sha256:19f3684868309db5263a11bace3c45d93f6f24afa2ffe75a647583df22a2ff89",
                "sha256:1affa4798520b148d7182da0615d648e752de4ab1a9566b7471bc803d88a062d",
                "sha256:1b65077a4693a98b90ec5ad8f203ad65802a1b9b6d4a7e48066925a7e1606706",
                "sha256:1cae8851e174c83633f0833e90636832857297900133705ee158cf79d40f03e6",
                "sha256:1e5ab4fc177dd41536b3c32b2ea11380dd3d4619a385860621478ac2d25ceb00",
                "sha256:1ed810568aeffed3edc78910af32af911c835cc39ebbfacd1f0ab5dd53028e5c",
                "sha256:2442d9a4d38f3411f22eb9dd0912b7cbf4b7d5b6c92c4173b75d3e1ccd84e36e",
                "sha256:26895a4268ae5a2849269f4991cdc97236e4b9c010e51137becf25182daac405",
                "sha256:285b643d75c0e30abda9dc1077395624f314a37e3c09ca402d4015ef5979f1a2",
                "sha256:28ff11666443a1a8cf2a044d6a545ebffa8382b5f7973f22c36109205e65dc80",
                "sha256:2dfe3aa529c8f501babf6e502936b9e8d4698502b2cfab41e17a028d91b1ac7b",
                "sha256:304c54176af2c143bd181d82e77c15c41cbacea8872a2225dd37e6544dce9999",
                "sha256:30a9876226dda131a741afeab2702e2d127209bde3c65a2b8133f428bc5d006b",
                "sha256:31a41030b1d9ca497634092b46481b937ff9397a86f9f51bd41c4767b6fc04af",
                "sha256:3619320641fd212aaf5997b6ca505e97540b7e16418f4a241f44cdf108ffb50d",
                "sha256:37e516bca9264cbf29612539801ca3cd5d1be465f940417b002905e6ed79d38a",
                "sha256:3a926768ea49a8af4d36abd6a8968b8790f7f76dd7cbd5a4c180db2b4ac9a3a2",
                "sha256:3a95d4590b1f1a43bf33ca6d647b990a88f4a3824a8c4572c708f0b45a5290ed",
                "sha256:3adf61415efa6ce977041ba9745183c0e1f637ca849773afa93833e04b163feb",
                "sha256:3d88d0054d3fa11ce936184896bed3c1c5441d6fa483b498fac6a5d0dd6f64a9",
                "sha256:3f1ea6f48a045745d0d9f325989d8abd3f1eaf47dd00485912d1a3a63c623a8d",
                "sha256:44e7625332683b6c1c8b980461475cde9595eff94447500e80716db89b0da005",
                "sha256:491535d45cd7ad7e4a2af4a5169b0d07bebf1adfd164b0368da8aa41e19907a5",
                "sha256:4a9ab037b71927babc6d9e7fc01aea9e66dc2a4a34dff06ef0724a4049629f94",
                "sha256:4c973add636efc61de22530b2ef83a65f39b6d6f656df97f678720e20de26caa",
                "sha256:4f5d640aeebb438517150fdeec097739614421900e4a08db4a3ef38898798537",
                "sha256:523e7da4d43b113bf8e7b49fa4ec0c35bf4fe66b2230bfc5c13cc498f12c6c3e",
                "sha256:54d86c0cada6aba4ec4c047d0e348cbad7063b87ae0f005d9f8c9ad04d4a92a2",
                "sha256:557a0aab88664cc552285316809cab897716a372afaf8efdbef756f8b890e894",
                "sha256:5729225de81fb65b70fdb1907fcf08c75d498f4a6f15af005aabb1fdadc19dfa",
                "sha256:5a28fcedd762349519276c36634e71853b4541079cab4acaaac60c4421827308",
                "sha256:5b66584e549e2e32a1398df11da2e0a7eff45d5c2d9db9d5667c5e6ac764d77e",
                "sha256:5cf90535979089df02e6f17ffd076f07237efa55b7343d98760bde8743c4b265",
                "sha256:61760c3925d4633290292bad462e0f737b840508b4f722247d8729684f6539ae",
                "sha256:62637c769dee16eddb7686bf421be48dfc2fae93832c25e25bc7242e698361ba",
                "sha256:6273ea2c8ffdac7b7fda2653c49682db815aebf4a89243a6feccf5e36c18c347",
                "sha256:646e76293345954acea6966149683047b7b2ace793011922208c8e9da12b0062",
                "sha256:664b3199193262277b8b3cd1e754fb07f2c6023289c815a1e1e8fb415cb247b1",
                "sha256:66c529f862fdba70558061bb936fe00ddbaaa0c647fd26e4a4356ef1d6561891",
                "sha256:6916b9b7d134bff5440098a4deb80e4cb623e68974a87883299de9124126c2a8",
                "sha256:692c622c8f859a17c156492783902d8370ac7e121a611bd6fe92cc71acf9ee8d",
                "sha256:6c1fe4c5404c448b13188dd8bd2ebc2bdd7e6727fa61ff481bcc2cca894018da",
                "sha256:6c9024169becccf0cb470ada03ee578d7348c119a0d42af3dcf9eda96e3a247c",
                "sha256:6cb9cf7e761f4f8a8589a45e49ed3c0d92d1d696a45a6feaee8c904b26efc2db",
                "sha256:6d55fb8b1e8929b341cc313a81a26e0d48aa3b519c1dbaadec3a6a2b4fcad025",
                "sha256:6e0fc40d84448f941df9b3334c4b78fe42f36e3bf631ad54c3047a0cdddc2514",
                "sha256:70e47929a9d4a1905a67e4b687d5946026390568a8e952b92824118063cee4d5",
                "sha256:711156b6afb5cb1cb7c14a2cc2c4a8b4c717b69046f13c6b332d8a0a8f41ca3e",
                "sha256:7533c76fa647fade2d7ec75ac5cc079ab3f34879626dae5689b27790a6cf5a5c",
                "sha256:7b2a054a8725f05b4b6503357e0ac1c4e8234ad3b0c2ac130d6ffc66f0e170e2",
                "sha256:7b74e18052fea4aa8dea2fb7dbc23d15439695da6cbe6cfc1b694af1115df09d",
                "sha256:82df1f432b37d832709fbcc0e24394bba04a01b6ecf1ee87578145c19cde12ac",
                "sha256:833eebfd75a26d17470b58768c1834dfc90141b7afc6eb0429c21fc5a21dcfb8",
                "sha256:84d8854db5f55fead3b579f04bda9a36461dab0730c5d570e1526483e7bb8431",
                "sha256:85e050ad9e5f6fe1004eec65c914332e52f429bc0ae12d6fa2092407a462c746",
                "sha256:94dab0940b0d1fb28bcab847adf887c66a27a40291eedf0b473be58761c9799a",
                "sha256:98f348cbb44fae6e9653c1055db7e29de67ea6a9ca03a5fa2c2e11a47cff0e47",
                "sha256:9be1c01adb2ecc4e464392c36d17f97e9110fbbc906bcbe1c943b5b87a74aabd",
                "sha256:a1351f5bbdbbabc689727cb91649a00cb9ee7203e0a6e54e9f5ba9e22e384b84",
                "sha256:a1b2cfec3879afb742a7b0bcfa53e4f22ba96571c9e54d6a3afe1052d17d843b",
                "sha256:a238dd3feee263eeaeb7dc44aea4ba1364682c4f9f9467e6af5596ba322c2332",
                "sha256:a26d950449aae348afe1ac8be5525a00ae4235309b729ad4d3399623125b43c9",
                "sha256:a44ac1738591472c3d020f61c6df1e4015180d6262ebd39bf2aeb52571b60f12",
                "sha256:a870c307bf1ee91fc58a9a61338ff780d01bfae45922624816878dce784095d2",
                "sha256:a8c2e340d7e454dc3340d3d2e8f23558ebe78c98aa8f68851b04dcb7bc37abdc",
                "sha256:ab06d77e053d660a6faaf04894446df7b0a7e7aba70c2797465a0a1af00fc887",
                "sha256:b0d9db5a161c99375a0c68c058e227bee1d89303300802601d76a3d01f74e258",
                "sha256:b1eb1754fce47c63d2ff57fdb88c351a6c0150995890088b33767a10218eaa4e",
                "sha256:b568af94267729d76e6ee5ececda4e283d07bbb28e8148bb17adad93d025d25a",
                "sha256:b69d1973354758007f46cf2d44a4f3d0933f10b6dc9bf15cf1356e037f6f731a",
                "sha256:b9f5f30c402ed58f90c70e12eff65547d3ab74685ffe8283c719e6bead8ef53f",
                "sha256:bd8a5028425820731d8c6c098ab642d7b8b999758e24acae03ed38a66eca8335",
                "sha256:c173ddcd86afd2535e2b695217e82191580663a1d1928239f877f5a1649ef39f",
                "sha256:c4d1e854aaf044487d31143f541f7aafe7b482ae72a022c664b2de2e466ed0ad",
                "sha256:c53ff33e603a9c1179a9364b0a24694f183717b2e0da2b5ad43c316c956901b2",
                "sha256:ca2322da745bf2eeb581fc9ea3bbb31147702163ccbcbf12a3bb630e4bf05e1d",
                "sha256:ca4df25762cf71308c446e33c9b1fdca2923a3f13de616e2a949f38bf21ff5a8",
                "sha256:cc8e85a63085a137d286e2791037f5fdfff0aabb8b899483ca9c496dd5797338",
                "sha256:d081a1f3800f05409ed868ebb2d74ac39dd0c1ff6c035b5162356d76030736d4",
                "sha256:d175600d975b7c244af6eb9c9041f10059f20b8bbffec9e33fdd5ee3f67cdc42",
                "sha256:d1e2906efb1031a532600679b424ef1d95d9f9fb507f813951f23320903adbd7",
                "sha256:d25e97bc1f5f8f7985bdc2335ef9e73843bb561eb1fa6831fdfc295c1c2061cf",
                "sha256:d34f950ae05a83e0ede899c595f312ca976023ea1db100cd5aa188f7005e3ab0",
                "sha256:d405d14bea042f166512add3091c1af40437c2e7f86988f3915fabd27b1e9cd2",
                "sha256:d55bbac04711e2980645af68b97d445cdbcce70e5216de444a6c4b6943ebcccd",
                "sha256:d682cf1d22bab22a5be08539dca3d1593488a99998f9f412137bc323179067ff",
                "sha256:d72f2b5e6e82ab8f94ea7d0d42f83c487dc159c5240d8f83beae684472864e2d",
                "sha256:d95b253b88f7d308b1c0b417c4624f44553ba4762816f94e6986819b9c273fb2",
                "sha256:dd96e5d15385d301733113bcaa324c8bcf111275b7675a9c6e88bfb19fc05e3b",
                "sha256:de2cfbb09e88f0f795fd90cf955858fc2c691df65b1f21f0aa00b99f3fbc661d",
                "sha256:de7c42f897e689ee6f9e93c4bec72b99ae3b32a2ade1c7e4798e690ff5246e02",
                "sha256:df649916b81822543d1c8e0e1d079235f68acdc7d270c911e8425045a8cfc57e",
                "sha256:e04e2f7f8916ad3ddd417a7abdd295276a0bf216993d9318a5d61cc058209166",
                "sha256:e1d778fb7849a42d0ee5927ab0f7453bf9f85eef8887a546ec87db5ddb178945",
                "sha256:e4dab9484ec605c3016df9ad4fd4f9a390bc5d816a3b10c6550f8424bb80b18c",
                "sha256:e6ab5ab30ef325b443f379ddb575a34969c333004fca5a1daa0133a6ffaad616",
                "sha256:e7393f1d64792763a48924ba31d1e44c2cfbc05e3b1c2c9abb4ceeadd912cced",
                "sha256:e8cd3577c796be7231dcf80badcf2e0835a46665eaafd8ace124d886bab4d700",
                "sha256:e9205d97ed08a82ebb9a307e92914bb30e18cdf6f6b12ca4bedadb1588a0bfe1",
                "sha256:eae547b7315d055b0de2ec3965643b0ab82ad0106a7ffd29615ee9f266a02827",
                "sha256:ec22626a2d14620a83ca583c6f5a4080fa3155282718b6055c2ea48d3ef35970",
                "sha256:eca1124aced216b2500dc2609eade086d718e8249cb9696660ab447d50a758bd",
                "sha256:ecde6dedd6fff127c273c76821bb754d793be1024bc33314a120f83a3c69460c",
                "sha256:ed97fd56a561f5eb5706cebe94f1ad7c13b84d98312a05546f2ad036bafe87f4",
                "sha256:ef9ee5471edd58d1fcce1c80ffc8783a650e3e3a193fe90d52e43bb4d87bff1f",
                "sha256:f52679ff4218d713b3b33f88c89ccbf3a5c2c12ba665fb80ccc4192b4608dbab",
                "sha256:f8e49c9c364a7edcbe2a310f12733aad95b022495ef2a8d653f645e5d20c1564",
                "sha256:f9672ab4d398e1b602feadcffcdd3af44d5f5e6ddc15bc7d15d376d47e8e19f8",
                "sha256:fc3b4c5a1fd3a311563ed866c2c9b62da06cb6398bee186484ce95c820db71cb",
                "sha256:fc3b4cc4539e055cfa39a3763c939f9d409eb40e85813257dcd761985a108554"
            ],
            "markers": "python_version >= '3.9'",
            "version": "==2.41.4"
        },
        "setuptools": {
            "hashes": [
                "sha256:c5afc8f407c626b8313a86e10311dd3f661c6cd9c09d4bf8c15c0e11f9f2b0e6",
                "sha256:e3982f444617239225d675215d51f6ba05f845d4eec313da4418fdbb56fb27e3"
            ],
            "markers": "python_version >= '3.9'",
            "version": "==75.8.0"
        },
        "sniffio": {
            "hashes": [
                "sha256:2f6da418d1f1e0fddd844478f41680e794e6051915791a034ff65e5f100525a2",
                "sha256:f4324edc670a0f49750a81b895f35c3adb843cca46f0530f79fc1babb23789dc"
            ],
            "markers": "python_version >= '3.7'",
            "version": "==1.3.1"
        },
        "starlette": {
            "hashes": [
                "sha256:481a43b71e24ed8c43b11ea02f5353d77840e01480881b8cb5a26b8cae64a8cb",
                "sha256:d92ce9f07e4a3caa3ac13a79523bd18e3bc0042bb8ff2d759a8e7dd0e1859875"
            ],
            "markers": "python_version >= '3.9'",
            "version": "==0.49.1"
        },
        "syslog-rfc5424-parser": {
            "hashes": [
                "sha256:6134ee1958da89ab7f8d32ed5370a49ddabcc99d75a950b6ec59708417f20a7a",
                "sha256:80a9239d4da404a271266000f4c5f00a183af3d03d53d19d7052c8272430bee9"
            ],
            "index": "pypi",
            "version": "==0.3.2"
        },
        "syslogmp": {
            "hashes": [
                "sha256:bcf94858407cf8993e9bf73dc306157f087db6c66503e74853d0a95bf6a4f0fb",
                "sha256:c25215db4b167d333c829d6e2afd83d7c8fb2ce3957f1b64019fac527398ca23"
            ],
            "index": "pypi",
            "markers": "python_version >= '3.7'",
            "version": "==0.4"
        },
        "typing-extensions": {
            "hashes": [
                "sha256:0cea48d173cc12fa28ecabc3b837ea3cf6f38c6d1136f85cbaaf598984861466",
                "sha256:f0fa19c6845758ab08074a0cfa8b7aecb71c999ca73d62883bc25cc018c4e548"
            ],
            "markers": "python_version >= '3.9'",
            "version": "==4.15.0"
        },
        "typing-inspection": {
            "hashes": [
                "sha256:4ed1cacbdc298c220f1bd249ed5287caa16f34d44ef4e9c3d0cbad5b521545e7",
                "sha256:ba561c48a67c5958007083d386c3295464928b01faa735ab8547c5692e87f464"
            ],
            "markers": "python_version >= '3.9'",
            "version": "==0.4.2"
        },
        "uvicorn": {
            "hashes": [
                "sha256:48c0afd214ceb59340075b4a052ea1ee91c16fbc2a9b1469cca0e54566977b02",
                "sha256:fd97093bdd120a2609fc0d3afe931d4d4ad688b6e75f0f929fde1bc36fe0e91d"
            ],
            "index": "pypi",
            "markers": "python_version >= '3.9'",
            "version": "==0.38.0"
        },
        "zope.event": {
            "hashes": [
                "sha256:2832e95014f4db26c47a13fdaef84cef2f4df37e66b59d8f1f4a8f319a632c26",
                "sha256:bac440d8d9891b4068e2b5a2c5e2c9765a9df762944bda6955f96bb9b91e67cd"
            ],
            "markers": "python_version >= '3.7'",
            "version": "==5.0"
        },
        "zope.interface": {
            "hashes": [
                "sha256:033b3923b63474800b04cba480b70f6e6243a62208071fc148354f3f89cc01b7",
                "sha256:05b910a5afe03256b58ab2ba6288960a2892dfeef01336dc4be6f1b9ed02ab0a",
                "sha256:086ee2f51eaef1e4a52bd7d3111a0404081dadae87f84c0ad4ce2649d4f708b7",
                "sha256:0ef9e2f865721553c6f22a9ff97da0f0216c074bd02b25cf0d3af60ea4d6931d",
                "sha256:1090c60116b3da3bfdd0c03406e2f14a1ff53e5771aebe33fec1edc0a350175d",
                "sha256:144964649eba4c5e4410bb0ee290d338e78f179cdbfd15813de1a664e7649b3b",
                "sha256:15398c000c094b8855d7d74f4fdc9e73aa02d4d0d5c775acdef98cdb1119768d",
                "sha256:1909f52a00c8c3dcab6c4fad5d13de2285a4b3c7be063b239b8dc15ddfb73bd2",
                "sha256:21328fcc9d5b80768bf051faa35ab98fb979080c18e6f84ab3f27ce703bce465",
                "sha256:224b7b0314f919e751f2bca17d15aad00ddbb1eadf1cb0190fa8175edb7ede62",
                "sha256:25e6a61dcb184453bb00eafa733169ab6d903e46f5c2ace4ad275386f9ab327a",
                "sha256:27f926f0dcb058211a3bb3e0e501c69759613b17a553788b2caeb991bed3b61d",
                "sha256:29caad142a2355ce7cfea48725aa8bcf0067e2b5cc63fcf5cd9f97ad12d6afb5",
                "sha256:2ad9913fd858274db8dd867012ebe544ef18d218f6f7d1e3c3e6d98000f14b75",
                "sha256:31d06db13a30303c08d61d5fb32154be51dfcbdb8438d2374ae27b4e069aac40",
                "sha256:3e0350b51e88658d5ad126c6a57502b19d5f559f6cb0a628e3dc90442b53dd98",
                "sha256:3f6771d1647b1fc543d37640b45c06b34832a943c80d1db214a37c31161a93f1",
                "sha256:4893395d5dd2ba655c38ceb13014fd65667740f09fa5bb01caa1e6284e48c0cd",
                "sha256:52e446f9955195440e787596dccd1411f543743c359eeb26e9b2c02b077b0519",
                "sha256:550f1c6588ecc368c9ce13c44a49b8d6b6f3ca7588873c679bd8fd88a1b557b6",
                "sha256:72cd1790b48c16db85d51fbbd12d20949d7339ad84fd971427cf00d990c1f137",
                "sha256:7bd449c306ba006c65799ea7912adbbfed071089461a19091a228998b82b1fdb",
                "sha256:7dc5016e0133c1a1ec212fc87a4f7e7e562054549a99c73c8896fa3a9e80cbc7",
                "sha256:802176a9f99bd8cc276dcd3b8512808716492f6f557c11196d42e26c01a69a4c",
                "sha256:80ecf2451596f19fd607bb09953f426588fc1e79e93f5968ecf3367550396b22",
                "sha256:8b49f1a3d1ee4cdaf5b32d2e738362c7f5e40ac8b46dd7d1a65e82a4872728fe",
                "sha256:8e7da17f53e25d1a3bde5da4601e026adc9e8071f9f6f936d0fe3fe84ace6d54",
                "sha256:a102424e28c6b47c67923a1f337ede4a4c2bba3965b01cf707978a801fc7442c",
                "sha256:a19a6cc9c6ce4b1e7e3d319a473cf0ee989cbbe2b39201d7c19e214d2dfb80c7",
                "sha256:a71a5b541078d0ebe373a81a3b7e71432c61d12e660f1d67896ca62d9628045b",
                "sha256:baf95683cde5bc7d0e12d8e7588a3eb754d7c4fa714548adcd96bdf90169f021",
                "sha256:cab15ff4832580aa440dc9790b8a6128abd0b88b7ee4dd56abacbc52f212209d",
                "sha256:ce290e62229964715f1011c3dbeab7a4a1e4971fd6f31324c4519464473ef9f2",
                "sha256:d3a8ffec2a50d8ec470143ea3d15c0c52d73df882eef92de7537e8ce13475e8a",
                "sha256:e204937f67b28d2dca73ca936d3039a144a081fc47a07598d44854ea2a106239",
                "sha256:eb23f58a446a7f09db85eda09521a498e109f137b85fb278edb2e34841055398",
                "sha256:f6dd02ec01f4468da0f234da9d9c8545c5412fef80bc590cc51d8dd084138a89"
            ],
            "markers": "python_version >= '3.8'",
            "version": "==7.2"
        }
    },
    "develop": {}
}
