{
    "_meta": {
        "hash": {
            "sha256": "0c7d55c652931b716ad453b7cf897f10333a05d1330b0d1f7dd632703cb93b97"
        },
        "pipfile-spec": 6,
        "requires": {
            "python_version": "3.10"
        },
        "sources": [
            {
                "name": "pypi",
                "url": "https://pypi.org/simple",
                "verify_ssl": true
            }
        ]
    },
    "default": {
        "attrs": {
            "hashes": [
                "sha256:1f28b4522cdc2fb4256ac1a020c78acf9cba2c6b461ccd2c126f3aa8e8335d04",
                "sha256:6279836d581513a26f1bf235f9acd333bc9115683f14f7e8fae46c98fc50e015"
            ],
            "markers": "python_version >= '3.7'",
            "version": "==23.1.0"
        },
        "certifi": {
            "hashes": [
                "sha256:0f0d56dc5a6ad56fd4ba36484d6cc34451e1c6548c61daad8c320169f91eddc7",
                "sha256:c6c2e98f5c7869efca1f8916fed228dd91539f9f1b444c314c06eef02980c716"
            ],
            "markers": "python_version >= '3.6'",
            "version": "==2023.5.7"
        },
        "charset-normalizer": {
            "hashes": [
                "sha256:04afa6387e2b282cf78ff3dbce20f0cc071c12dc8f685bd40960cc68644cfea6",
                "sha256:04eefcee095f58eaabe6dc3cc2262f3bcd776d2c67005880894f447b3f2cb9c1",
                "sha256:0be65ccf618c1e7ac9b849c315cc2e8a8751d9cfdaa43027d4f6624bd587ab7e",
                "sha256:0c95f12b74681e9ae127728f7e5409cbbef9cd914d5896ef238cc779b8152373",
                "sha256:0ca564606d2caafb0abe6d1b5311c2649e8071eb241b2d64e75a0d0065107e62",
                "sha256:10c93628d7497c81686e8e5e557aafa78f230cd9e77dd0c40032ef90c18f2230",
                "sha256:11d117e6c63e8f495412d37e7dc2e2fff09c34b2d09dbe2bee3c6229577818be",
                "sha256:11d3bcb7be35e7b1bba2c23beedac81ee893ac9871d0ba79effc7fc01167db6c",
                "sha256:12a2b561af122e3d94cdb97fe6fb2bb2b82cef0cdca131646fdb940a1eda04f0",
                "sha256:12d1a39aa6b8c6f6248bb54550efcc1c38ce0d8096a146638fd4738e42284448",
                "sha256:1435ae15108b1cb6fffbcea2af3d468683b7afed0169ad718451f8db5d1aff6f",
                "sha256:1c60b9c202d00052183c9be85e5eaf18a4ada0a47d188a83c8f5c5b23252f649",
                "sha256:1e8fcdd8f672a1c4fc8d0bd3a2b576b152d2a349782d1eb0f6b8e52e9954731d",
                "sha256:20064ead0717cf9a73a6d1e779b23d149b53daf971169289ed2ed43a71e8d3b0",
                "sha256:21fa558996782fc226b529fdd2ed7866c2c6ec91cee82735c98a197fae39f706",
                "sha256:22908891a380d50738e1f978667536f6c6b526a2064156203d418f4856d6e86a",
                "sha256:3160a0fd9754aab7d47f95a6b63ab355388d890163eb03b2d2b87ab0a30cfa59",
                "sha256:322102cdf1ab682ecc7d9b1c5eed4ec59657a65e1c146a0da342b78f4112db23",
                "sha256:34e0a2f9c370eb95597aae63bf85eb5e96826d81e3dcf88b8886012906f509b5",
                "sha256:3573d376454d956553c356df45bb824262c397c6e26ce43e8203c4c540ee0acb",
                "sha256:3747443b6a904001473370d7810aa19c3a180ccd52a7157aacc264a5ac79265e",
                "sha256:38e812a197bf8e71a59fe55b757a84c1f946d0ac114acafaafaf21667a7e169e",
                "sha256:3a06f32c9634a8705f4ca9946d667609f52cf130d5548881401f1eb2c39b1e2c",
                "sha256:3a5fc78f9e3f501a1614a98f7c54d3969f3ad9bba8ba3d9b438c3bc5d047dd28",
                "sha256:3d9098b479e78c85080c98e1e35ff40b4a31d8953102bb0fd7d1b6f8a2111a3d",
                "sha256:3dc5b6a8ecfdc5748a7e429782598e4f17ef378e3e272eeb1340ea57c9109f41",
                "sha256:4155b51ae05ed47199dc5b2a4e62abccb274cee6b01da5b895099b61b1982974",
                "sha256:49919f8400b5e49e961f320c735388ee686a62327e773fa5b3ce6721f7e785ce",
                "sha256:53d0a3fa5f8af98a1e261de6a3943ca631c526635eb5817a87a59d9a57ebf48f",
                "sha256:5f008525e02908b20e04707a4f704cd286d94718f48bb33edddc7d7b584dddc1",
                "sha256:628c985afb2c7d27a4800bfb609e03985aaecb42f955049957814e0491d4006d",
                "sha256:65ed923f84a6844de5fd29726b888e58c62820e0769b76565480e1fdc3d062f8",
                "sha256:6734e606355834f13445b6adc38b53c0fd45f1a56a9ba06c2058f86893ae8017",
                "sha256:6baf0baf0d5d265fa7944feb9f7451cc316bfe30e8df1a61b1bb08577c554f31",
                "sha256:6f4f4668e1831850ebcc2fd0b1cd11721947b6dc7c00bf1c6bd3c929ae14f2c7",
                "sha256:6f5c2e7bc8a4bf7c426599765b1bd33217ec84023033672c1e9a8b35eaeaaaf8",
                "sha256:6f6c7a8a57e9405cad7485f4c9d3172ae486cfef1344b5ddd8e5239582d7355e",
                "sha256:7381c66e0561c5757ffe616af869b916c8b4e42b367ab29fedc98481d1e74e14",
                "sha256:73dc03a6a7e30b7edc5b01b601e53e7fc924b04e1835e8e407c12c037e81adbd",
                "sha256:74db0052d985cf37fa111828d0dd230776ac99c740e1a758ad99094be4f1803d",
                "sha256:75f2568b4189dda1c567339b48cba4ac7384accb9c2a7ed655cd86b04055c795",
                "sha256:78cacd03e79d009d95635e7d6ff12c21eb89b894c354bd2b2ed0b4763373693b",
                "sha256:80d1543d58bd3d6c271b66abf454d437a438dff01c3e62fdbcd68f2a11310d4b",
                "sha256:830d2948a5ec37c386d3170c483063798d7879037492540f10a475e3fd6f244b",
                "sha256:891cf9b48776b5c61c700b55a598621fdb7b1e301a550365571e9624f270c203",
                "sha256:8f25e17ab3039b05f762b0a55ae0b3632b2e073d9c8fc88e89aca31a6198e88f",
                "sha256:9a3267620866c9d17b959a84dd0bd2d45719b817245e49371ead79ed4f710d19",
                "sha256:a04f86f41a8916fe45ac5024ec477f41f886b3c435da2d4e3d2709b22ab02af1",
                "sha256:aaf53a6cebad0eae578f062c7d462155eada9c172bd8c4d250b8c1d8eb7f916a",
                "sha256:abc1185d79f47c0a7aaf7e2412a0eb2c03b724581139193d2d82b3ad8cbb00ac",
                "sha256:ac0aa6cd53ab9a31d397f8303f92c42f534693528fafbdb997c82bae6e477ad9",
                "sha256:ac3775e3311661d4adace3697a52ac0bab17edd166087d493b52d4f4f553f9f0",
                "sha256:b06f0d3bf045158d2fb8837c5785fe9ff9b8c93358be64461a1089f5da983137",
                "sha256:b116502087ce8a6b7a5f1814568ccbd0e9f6cfd99948aa59b0e241dc57cf739f",
                "sha256:b82fab78e0b1329e183a65260581de4375f619167478dddab510c6c6fb04d9b6",
                "sha256:bd7163182133c0c7701b25e604cf1611c0d87712e56e88e7ee5d72deab3e76b5",
                "sha256:c36bcbc0d5174a80d6cccf43a0ecaca44e81d25be4b7f90f0ed7bcfbb5a00909",
                "sha256:c3af8e0f07399d3176b179f2e2634c3ce9c1301379a6b8c9c9aeecd481da494f",
                "sha256:c84132a54c750fda57729d1e2599bb598f5fa0344085dbde5003ba429a4798c0",
                "sha256:cb7b2ab0188829593b9de646545175547a70d9a6e2b63bf2cd87a0a391599324",
                "sha256:cca4def576f47a09a943666b8f829606bcb17e2bc2d5911a46c8f8da45f56755",
                "sha256:cf6511efa4801b9b38dc5546d7547d5b5c6ef4b081c60b23e4d941d0eba9cbeb",
                "sha256:d16fd5252f883eb074ca55cb622bc0bee49b979ae4e8639fff6ca3ff44f9f854",
                "sha256:d2686f91611f9e17f4548dbf050e75b079bbc2a82be565832bc8ea9047b61c8c",
                "sha256:d7fc3fca01da18fbabe4625d64bb612b533533ed10045a2ac3dd194bfa656b60",
                "sha256:dd5653e67b149503c68c4018bf07e42eeed6b4e956b24c00ccdf93ac79cdff84",
                "sha256:de5695a6f1d8340b12a5d6d4484290ee74d61e467c39ff03b39e30df62cf83a0",
                "sha256:e0ac8959c929593fee38da1c2b64ee9778733cdf03c482c9ff1d508b6b593b2b",
                "sha256:e1b25e3ad6c909f398df8921780d6a3d120d8c09466720226fc621605b6f92b1",
                "sha256:e633940f28c1e913615fd624fcdd72fdba807bf53ea6925d6a588e84e1151531",
                "sha256:e89df2958e5159b811af9ff0f92614dabf4ff617c03a4c1c6ff53bf1c399e0e1",
                "sha256:ea9f9c6034ea2d93d9147818f17c2a0860d41b71c38b9ce4d55f21b6f9165a11",
                "sha256:f645caaf0008bacf349875a974220f1f1da349c5dbe7c4ec93048cdc785a3326",
                "sha256:f8303414c7b03f794347ad062c0516cee0e15f7a612abd0ce1e25caf6ceb47df",
                "sha256:fca62a8301b605b954ad2e9c3666f9d97f63872aa4efcae5492baca2056b74ab"
            ],
            "markers": "python_version >= '3.7'",
            "version": "==3.1.0"
        },
        "idna": {
            "hashes": [
                "sha256:814f528e8dead7d329833b91c5faa87d60bf71824cd12a7530b5526063d02cb4",
                "sha256:90b77e79eaa3eba6de819a0c442c0b4ceefc341a7a2ab77d7562bf49f425c5c2"
            ],
            "markers": "python_version >= '3.5'",
            "version": "==3.4"
        },
        "jsonschema": {
            "hashes": [
                "sha256:8caf5b57a990a98e9b39832ef3cb35c176fe331414252b6e1b26fd5866f891a4",
                "sha256:b508dd6142bd03f4c3670534c80af68cd7bbff9ea830b9cf2625d4a3c49ddf60"
            ],
            "index": "pypi",
            "version": "==4.18.0"
        },
        "jsonschema-specifications": {
            "hashes": [
                "sha256:3d2b82663aff01815f744bb5c7887e2121a63399b49b104a3c96145474d091d7",
                "sha256:ca1c4dd059a9e7b34101cf5b3ab7ff1d18b139f35950d598d629837ef66e8f28"
            ],
            "markers": "python_version >= '3.8'",
            "version": "==2023.6.1"
        },
        "referencing": {
            "hashes": [
                "sha256:90cb53782d550ba28d2166ef3f55731f38397def8832baac5d45235f1995e35e",
                "sha256:d3c8f323ee1480095da44d55917cfb8278d73d6b4d5f677e3e40eb21314ac67f"
            ],
            "markers": "python_version >= '3.8'",
            "version": "==0.29.1"
        },
        "requests": {
            "hashes": [
                "sha256:58cd2187c01e70e6e26505bca751777aa9f2ee0b7f4300988b709f44e013003f",
                "sha256:942c5a758f98d790eaed1a29cb6eefc7ffb0d1cf7af05c3d2791656dbd6ad1e1"
            ],
            "index": "pypi",
            "version": "==2.31.0"
        },
        "rpds-py": {
            "hashes": [
                "sha256:014828cd68b4cdee84ab66adaf5bfe1f137656a7a588c31fdca04ba0768ef62d",
                "sha256:025b8101dbf39d77cf41ac3c737e4c713e0b2728a516443b382e66b9d492ff98",
                "sha256:038249d2bbaf91aa65c4108a40ee076f657654261b1a246ab99726710bfb77de",
                "sha256:083990eb24bf99a0ae92505b24ab4d4c9110d2569e60437d3c721d8807403471",
                "sha256:0bcb162f5549408125ec986bfed1a66f2036ac2910d3fb0a6afda0f97bc6ea15",
                "sha256:130cfa21a10a60f5fc8ec59fb5f8b4a649cbc26302c7f487d7798f7969a1e763",
                "sha256:18cd993d5b63450abd3a9eab70af4bbecb6d315a5f167ed3b228cba6b5bc18e4",
                "sha256:1b6db70c2ab847229fa9cff3a5eb641c33ab3f981ee8b99d326a7deb8989e4ce",
                "sha256:2a5c672b1cd382973bf414518ddc9d743d06bcee751fa65256d84ba412192b0b",
                "sha256:2f7fe606eb4742f2d2f0ada4e3ee168e809514a39527fce8ee33b2ce908ede00",
                "sha256:311a57cc972481bd220af28cf4309141c680a356b2359f163daac030d0c2318d",
                "sha256:33a2a15b641bc17bc6574f9600976374a085ff81ac8dddd4bde6c451e9e9e58d",
                "sha256:34007442d36980c4aab3f4044c1fd05a736c8ae09d47b8a42112deab5d6b5a10",
                "sha256:3a5b0f8c81f89ec23d59733dce9724b244003be2367653e1e53095cf643f8c8b",
                "sha256:3c1423f3cddc86b54682d5df905664737300cdf316b1a4fa3056c45b47d44790",
                "sha256:453bfdf4a4c618ea24714b6c25bd56d91bfc43c6fd5a34add66c1b92737c5283",
                "sha256:453e62d679d8de32c5e00ba27f8c8c45a456e5d6db6fa6f67fdd3e12f1658833",
                "sha256:457345279898d5156b9de9986c650847c2ee0b205b1fea3f4fe4e8e9f8fe318e",
                "sha256:4b62f9f9bf523f8baea794cc996dc0ba47676bca0517860664e6419f65e533da",
                "sha256:51fe912d2356f3a0e63f5557a704407357ee403cb6dbde4f86e339d50a2110b9",
                "sha256:5551e5583f341867fb6499d9ca4ce3999209b8e30636c6cf48f204120415dbef",
                "sha256:5eda3aba0cd291de9d4bb138db45814bac24bc4c07e0f38b0544374b6104c488",
                "sha256:648a6e46674764eb0179cff6312aade65bb26f370d8af6fc089ab5bf713a7870",
                "sha256:68e8f2cedc65198248a14d716125016fd0816f63f216a82c2209a0686d5447cf",
                "sha256:6d1d4078d60ca47f0eb6bdddbf79f00a72d41ee3148aba1dcf9b980f73a8d26e",
                "sha256:6decbef9ca15a8fef5840ff350fe53fc2cefbabb34c81bce2576c553fdb33eba",
                "sha256:737ea1ee132c89265609ef1951a29a0f4caec57c974715f305587973d63dc439",
                "sha256:794ca22915fb1e4d08d4cafb81c0227d05a75f4dcd3ce463abaf851ba6b14f9c",
                "sha256:858604fe5d7eb50e91b1096bcbcb421f2cb3101454244afda92b4d768d0cb4ce",
                "sha256:89d87f5ff7604c25795c369823531b07ac36d62b6c1b743135106f5819051147",
                "sha256:97c4507d1b4aaa097f076194606bab723adf7c73c517f09c967818808fc198d4",
                "sha256:98b54a47e670093b8bf7d1a0222d0af26dac19314a0e79ac478e447357396a2d",
                "sha256:99009264ec0992e69f478b3f59b1e411e0d75c1361cf41b1aef397f89d020666",
                "sha256:9f8ab0fd88fc2a8ecc543b72c293d70ffa3f448e85e6fb7dee009629154d683e",
                "sha256:9ffed319ab2adc2d426160355311686780eea3f063f2b169fa5a9a17bc24e20f",
                "sha256:ad2237e4335d6d8a3d678c9106a100c228b1edc92bc5ea6af0be99d1acafd84b",
                "sha256:b27301965f076257abea084d245364b3aff01f75a202b36922a09b519dc8359d",
                "sha256:b442a4155631cd1c53cb1cd83b815c828cdbb8c0c9a1eb9b8791c5a19bf55692",
                "sha256:b71420bbba0f04c82374196467159e960043089f2931227353d9d51d71cd65a7",
                "sha256:bd15a7b913b5228711d479dd26af9db3c12280ef7df55f48037d0bc9bf042617",
                "sha256:bf13f4ed0fd7691cbf10371a65cd6b4aeeed2d04f09e96f8aa52db36a794c7d4",
                "sha256:c0502cec5d672b62547c3f5b1e2efc177db0b982cf7742cb23b50c2933739a4b",
                "sha256:c38d17af73aa03686d701686628e37c114a459650233c0d5f0492dad3a76e3e0",
                "sha256:c7bd3a381c4a5fe7e0fc4dff554bd1ce2b0be12ba0193c176c291b7dc1e8bea0",
                "sha256:c96f87e14208058dd92dd9e726beeb4a572ead402fedeb230d151575fb39ad93",
                "sha256:cbdc8ab6108b8bb260ee68fb2de83fb1c481d3a77355156049a8a49ea47eacf6",
                "sha256:cc6ff891c3814d8cd92549cb385353a922518d433aaf1d2d0d99e98e59915370",
                "sha256:d64ef19ea4f65782a09209a2287fea795ca7858375e6e9d87e955dfbbadaed15",
                "sha256:d940b5644f14e49b1c6e7902b9ec8a0c7584109fbf380fa18115831a641927c8",
                "sha256:d9995693d151387d8a95774f6e464118002d7054fade70ea24942caa0f2dcfa8",
                "sha256:de1e2eb6fe8ab72256aaf83e0d1969a39271a70fa70a27a45b53d270ecfcc7db",
                "sha256:e16c02923726307d960e908b61d4d833939f322877d2957c001fca23b644914e",
                "sha256:e5ce9ded54dee1f179e9240a983779d5e3bef20249ae4419b671af549b077879",
                "sha256:e95544c9293bd0f1fa6ecab06472d7b982acfcfaca37df6a1dce113f26e67d66",
                "sha256:f53f65cf56bb60355681431d04bc04dbe709452dd85eebf537035dc145bd36c9",
                "sha256:f8391420714e84ae9f4c6d4e4d52eb4209ca8d66abfbe4b2ba4892221be1c6f5",
                "sha256:fa7d3cc9c6684cc4e04b9c138c16ff77f4eb3a51ab1b2239964ae8a3b9456a2b",
                "sha256:fdc103711cba081c8896476d99479b462fc584091f9979c3c17fedca7558d4d2",
                "sha256:ffaca17ce98a61a6a7fd7b1aecfe38cc360a97f85cd7b5ffc4e6c17570bcd377"
            ],
            "markers": "python_version >= '3.8'",
            "version": "==0.7.1"
        },
        "urllib3": {
            "hashes": [
                "sha256:48e7fafa40319d358848e1bc6809b208340fafe2096f1725d05d67443d0483d1",
                "sha256:bee28b5e56addb8226c96f7f13ac28cb4c301dd5ea8a6ca179c0b9835e032825"
            ],
            "markers": "python_version >= '3.7'",
            "version": "==2.0.3"
        }
    },
    "develop": {}
}
