{
    "_meta": {
        "hash": {
            "sha256": "0c7d55c652931b716ad453b7cf897f10333a05d1330b0d1f7dd632703cb93b97"
        },
        "pipfile-spec": 6,
        "requires": {
            "python_version": "3.10"
        },
        "sources": [
            {
                "name": "pypi",
                "url": "https://pypi.org/simple",
                "verify_ssl": true
            }
        ]
    },
    "default": {
        "attrs": {
            "hashes": [
                "sha256:1f28b4522cdc2fb4256ac1a020c78acf9cba2c6b461ccd2c126f3aa8e8335d04",
                "sha256:6279836d581513a26f1bf235f9acd333bc9115683f14f7e8fae46c98fc50e015"
            ],
            "markers": "python_version >= '3.7'",
            "version": "==23.1.0"
        },
        "certifi": {
            "hashes": [
                "sha256:0f0d56dc5a6ad56fd4ba36484d6cc34451e1c6548c61daad8c320169f91eddc7",
                "sha256:c6c2e98f5c7869efca1f8916fed228dd91539f9f1b444c314c06eef02980c716"
            ],
            "markers": "python_version >= '3.6'",
            "version": "==2023.5.7"
        },
        "charset-normalizer": {
            "hashes": [
                "sha256:04e57ab9fbf9607b77f7d057974694b4f6b142da9ed4a199859d9d4d5c63fe96",
                "sha256:09393e1b2a9461950b1c9a45d5fd251dc7c6f228acab64da1c9c0165d9c7765c",
                "sha256:0b87549028f680ca955556e3bd57013ab47474c3124dc069faa0b6545b6c9710",
                "sha256:1000fba1057b92a65daec275aec30586c3de2401ccdcd41f8a5c1e2c87078706",
                "sha256:1249cbbf3d3b04902ff081ffbb33ce3377fa6e4c7356f759f3cd076cc138d020",
                "sha256:1920d4ff15ce893210c1f0c0e9d19bfbecb7983c76b33f046c13a8ffbd570252",
                "sha256:193cbc708ea3aca45e7221ae58f0fd63f933753a9bfb498a3b474878f12caaad",
                "sha256:1a100c6d595a7f316f1b6f01d20815d916e75ff98c27a01ae817439ea7726329",
                "sha256:1f30b48dd7fa1474554b0b0f3fdfdd4c13b5c737a3c6284d3cdc424ec0ffff3a",
                "sha256:203f0c8871d5a7987be20c72442488a0b8cfd0f43b7973771640fc593f56321f",
                "sha256:246de67b99b6851627d945db38147d1b209a899311b1305dd84916f2b88526c6",
                "sha256:2dee8e57f052ef5353cf608e0b4c871aee320dd1b87d351c28764fc0ca55f9f4",
                "sha256:2efb1bd13885392adfda4614c33d3b68dee4921fd0ac1d3988f8cbb7d589e72a",
                "sha256:2f4ac36d8e2b4cc1aa71df3dd84ff8efbe3bfb97ac41242fbcfc053c67434f46",
                "sha256:3170c9399da12c9dc66366e9d14da8bf7147e1e9d9ea566067bbce7bb74bd9c2",
                "sha256:3b1613dd5aee995ec6d4c69f00378bbd07614702a315a2cf6c1d21461fe17c23",
                "sha256:3bb3d25a8e6c0aedd251753a79ae98a093c7e7b471faa3aa9a93a81431987ace",
                "sha256:3bb7fda7260735efe66d5107fb7e6af6a7c04c7fce9b2514e04b7a74b06bf5dd",
                "sha256:41b25eaa7d15909cf3ac4c96088c1f266a9a93ec44f87f1d13d4a0e86c81b982",
                "sha256:45de3f87179c1823e6d9e32156fb14c1927fcc9aba21433f088fdfb555b77c10",
                "sha256:46fb8c61d794b78ec7134a715a3e564aafc8f6b5e338417cb19fe9f57a5a9bf2",
                "sha256:48021783bdf96e3d6de03a6e39a1171ed5bd7e8bb93fc84cc649d11490f87cea",
                "sha256:4957669ef390f0e6719db3613ab3a7631e68424604a7b448f079bee145da6e09",
                "sha256:5e86d77b090dbddbe78867a0275cb4df08ea195e660f1f7f13435a4649e954e5",
                "sha256:6339d047dab2780cc6220f46306628e04d9750f02f983ddb37439ca47ced7149",
                "sha256:681eb3d7e02e3c3655d1b16059fbfb605ac464c834a0c629048a30fad2b27489",
                "sha256:6c409c0deba34f147f77efaa67b8e4bb83d2f11c8806405f76397ae5b8c0d1c9",
                "sha256:7095f6fbfaa55defb6b733cfeb14efaae7a29f0b59d8cf213be4e7ca0b857b80",
                "sha256:70c610f6cbe4b9fce272c407dd9d07e33e6bf7b4aa1b7ffb6f6ded8e634e3592",
                "sha256:72814c01533f51d68702802d74f77ea026b5ec52793c791e2da806a3844a46c3",
                "sha256:7a4826ad2bd6b07ca615c74ab91f32f6c96d08f6fcc3902ceeedaec8cdc3bcd6",
                "sha256:7c70087bfee18a42b4040bb9ec1ca15a08242cf5867c58726530bdf3945672ed",
                "sha256:855eafa5d5a2034b4621c74925d89c5efef61418570e5ef9b37717d9c796419c",
                "sha256:8700f06d0ce6f128de3ccdbc1acaea1ee264d2caa9ca05daaf492fde7c2a7200",
                "sha256:89f1b185a01fe560bc8ae5f619e924407efca2191b56ce749ec84982fc59a32a",
                "sha256:8b2c760cfc7042b27ebdb4a43a4453bd829a5742503599144d54a032c5dc7e9e",
                "sha256:8c2f5e83493748286002f9369f3e6607c565a6a90425a3a1fef5ae32a36d749d",
                "sha256:8e098148dd37b4ce3baca71fb394c81dc5d9c7728c95df695d2dca218edf40e6",
                "sha256:94aea8eff76ee6d1cdacb07dd2123a68283cb5569e0250feab1240058f53b623",
                "sha256:95eb302ff792e12aba9a8b8f8474ab229a83c103d74a750ec0bd1c1eea32e669",
                "sha256:9bd9b3b31adcb054116447ea22caa61a285d92e94d710aa5ec97992ff5eb7cf3",
                "sha256:9e608aafdb55eb9f255034709e20d5a83b6d60c054df0802fa9c9883d0a937aa",
                "sha256:a103b3a7069b62f5d4890ae1b8f0597618f628b286b03d4bc9195230b154bfa9",
                "sha256:a386ebe437176aab38c041de1260cd3ea459c6ce5263594399880bbc398225b2",
                "sha256:a38856a971c602f98472050165cea2cdc97709240373041b69030be15047691f",
                "sha256:a401b4598e5d3f4a9a811f3daf42ee2291790c7f9d74b18d75d6e21dda98a1a1",
                "sha256:a7647ebdfb9682b7bb97e2a5e7cb6ae735b1c25008a70b906aecca294ee96cf4",
                "sha256:aaf63899c94de41fe3cf934601b0f7ccb6b428c6e4eeb80da72c58eab077b19a",
                "sha256:b0dac0ff919ba34d4df1b6131f59ce95b08b9065233446be7e459f95554c0dc8",
                "sha256:baacc6aee0b2ef6f3d308e197b5d7a81c0e70b06beae1f1fcacffdbd124fe0e3",
                "sha256:bf420121d4c8dce6b889f0e8e4ec0ca34b7f40186203f06a946fa0276ba54029",
                "sha256:c04a46716adde8d927adb9457bbe39cf473e1e2c2f5d0a16ceb837e5d841ad4f",
                "sha256:c0b21078a4b56965e2b12f247467b234734491897e99c1d51cee628da9786959",
                "sha256:c1c76a1743432b4b60ab3358c937a3fe1341c828ae6194108a94c69028247f22",
                "sha256:c4983bf937209c57240cff65906b18bb35e64ae872da6a0db937d7b4af845dd7",
                "sha256:c4fb39a81950ec280984b3a44f5bd12819953dc5fa3a7e6fa7a80db5ee853952",
                "sha256:c57921cda3a80d0f2b8aec7e25c8aa14479ea92b5b51b6876d975d925a2ea346",
                "sha256:c8063cf17b19661471ecbdb3df1c84f24ad2e389e326ccaf89e3fb2484d8dd7e",
                "sha256:ccd16eb18a849fd8dcb23e23380e2f0a354e8daa0c984b8a732d9cfaba3a776d",
                "sha256:cd6dbe0238f7743d0efe563ab46294f54f9bc8f4b9bcf57c3c666cc5bc9d1299",
                "sha256:d62e51710986674142526ab9f78663ca2b0726066ae26b78b22e0f5e571238dd",
                "sha256:db901e2ac34c931d73054d9797383d0f8009991e723dab15109740a63e7f902a",
                "sha256:e03b8895a6990c9ab2cdcd0f2fe44088ca1c65ae592b8f795c3294af00a461c3",
                "sha256:e1c8a2f4c69e08e89632defbfabec2feb8a8d99edc9f89ce33c4b9e36ab63037",
                "sha256:e4b749b9cc6ee664a3300bb3a273c1ca8068c46be705b6c31cf5d276f8628a94",
                "sha256:e6a5bf2cba5ae1bb80b154ed68a3cfa2fa00fde979a7f50d6598d3e17d9ac20c",
                "sha256:e857a2232ba53ae940d3456f7533ce6ca98b81917d47adc3c7fd55dad8fab858",
                "sha256:ee4006268ed33370957f55bf2e6f4d263eaf4dc3cfc473d1d90baff6ed36ce4a",
                "sha256:eef9df1eefada2c09a5e7a40991b9fc6ac6ef20b1372abd48d2794a316dc0449",
                "sha256:f058f6963fd82eb143c692cecdc89e075fa0828db2e5b291070485390b2f1c9c",
                "sha256:f25c229a6ba38a35ae6e25ca1264621cc25d4d38dca2942a7fce0b67a4efe918",
                "sha256:f2a1d0fd4242bd8643ce6f98927cf9c04540af6efa92323e9d3124f57727bfc1",
                "sha256:f7560358a6811e52e9c4d142d497f1a6e10103d3a6881f18d04dbce3729c0e2c",
                "sha256:f779d3ad205f108d14e99bb3859aa7dd8e9c68874617c72354d7ecaec2a054ac",
                "sha256:f87f746ee241d30d6ed93969de31e5ffd09a2961a051e60ae6bddde9ec3583aa"
            ],
            "markers": "python_version >= '3.7'",
            "version": "==3.2.0"
        },
        "idna": {
            "hashes": [
                "sha256:814f528e8dead7d329833b91c5faa87d60bf71824cd12a7530b5526063d02cb4",
                "sha256:90b77e79eaa3eba6de819a0c442c0b4ceefc341a7a2ab77d7562bf49f425c5c2"
            ],
            "markers": "python_version >= '3.5'",
            "version": "==3.4"
        },
        "jsonschema": {
            "hashes": [
                "sha256:971be834317c22daaa9132340a51c01b50910724082c2c1a2ac87eeec153a3fe",
                "sha256:fb3642735399fa958c0d2aad7057901554596c63349f4f6b283c493cf692a25d"
            ],
            "index": "pypi",
            "version": "==4.18.4"
        },
        "jsonschema-specifications": {
            "hashes": [
                "sha256:3d2b82663aff01815f744bb5c7887e2121a63399b49b104a3c96145474d091d7",
                "sha256:ca1c4dd059a9e7b34101cf5b3ab7ff1d18b139f35950d598d629837ef66e8f28"
            ],
            "markers": "python_version >= '3.8'",
            "version": "==2023.6.1"
        },
        "referencing": {
            "hashes": [
                "sha256:7e059500cac23dc5d7d11687291ab60ba1e77ccdf9739b039c1177c06304e98c",
                "sha256:ebd2f5fe533001edaca3eae6caf09de0d70b6a3c78ebe34c98d26526e6fad3aa"
            ],
            "markers": "python_version >= '3.8'",
            "version": "==0.29.3"
        },
        "requests": {
            "hashes": [
                "sha256:58cd2187c01e70e6e26505bca751777aa9f2ee0b7f4300988b709f44e013003f",
                "sha256:942c5a758f98d790eaed1a29cb6eefc7ffb0d1cf7af05c3d2791656dbd6ad1e1"
            ],
            "index": "pypi",
            "version": "==2.31.0"
        },
        "rpds-py": {
            "hashes": [
                "sha256:018b2820e01fe1bbcfb7ecb9d8e42beda2d5e8c68dddb8331085c069496ee7b4",
                "sha256:05d7fba86f453e68e8c08b1db6c7462fff8f4773e190b11a2b841b090abf67ff",
                "sha256:07a485449b0f4819a6aaa6d8e290841239eed2fff1e3065a45a437da597bdb14",
                "sha256:07a87f9d4be317d567422553f3a5b54bb068f5c28e7271e04914c011c373b5f6",
                "sha256:0af4dad7ffaa29ca1fd048b667a1b3db46ce1353f01d606b3d03d18649adab5a",
                "sha256:0ea0c01d22aae66b4fd3e3ead0abbe6a6bace032441c281687906ab723e7b00a",
                "sha256:0ee7d4acb2cb1ccda55db9cf2087b7ed3f38175228feddd63a3c334c786e8248",
                "sha256:18667ccf333fc615a63203be08262ce58c2bdf135c9c2fa245556f5d20d14028",
                "sha256:1906f35d7becb01b10b1feb0906a7c5d4634dc70ba2ef92e664c6001658d36f0",
                "sha256:1a49829d460f6b089c245de3e69b2b22c5ec783e53e70a4116b8cc3cf490047c",
                "sha256:1af977101487862222be5f526cd9921a2070805acedc9b46cf4268d5dc8a915b",
                "sha256:1b5546bc4c2c0c0d71859f6db1f150634d481252b40842157aff5a082a5dd999",
                "sha256:1b56e340ef68f12566e4094df317b1afc62e93db236916a2c653c1ace0c06d50",
                "sha256:26da604ae094924ad522a083d90cf030c9578a1b9611cdecd19d689a645d042d",
                "sha256:2708cb3df058446c9aaee8213ad472cbf6be798fa05baf81e2b1b0b67abadfa2",
                "sha256:2a7eb90d7df5a1a268cef733d2798dca39cf63dfb2d296356cd0e938e6c2090d",
                "sha256:2ee70fa6b3151e0da19185802e8bacddc8b24d6bdac5e1c85072acae19ec734a",
                "sha256:3104cd647da83001d608165e0dc0b5747ce8ea12c96d6b83fb2c43fa68135018",
                "sha256:33169a32e8996086f5270de1b51c8fc699aefd5d7a0288f747c7ffd72acc6c83",
                "sha256:364f70d9802ef628c13a04a6636e0bbe7f1a58c2560955da17c7117ed1ee8762",
                "sha256:38208701e09e77c1158b1538c687c5b0a6a894a689bbd1f6eafc5cd31a7cd59d",
                "sha256:3d1830d31db000bec0599665349e026614676432c87aeef98cac970254d4e36f",
                "sha256:3ff2b6d317eea667260c7265977575f49116781e4fcc4973360b84aec24644e3",
                "sha256:4017d2920e8e3f936e6fc3b65e60a655c690c472901f0ff1a8f62ee21c493f19",
                "sha256:41b8c08eef01d6183a942567e2069966d53b826abdd3076e4cabd02cf158b338",
                "sha256:43745fcd13243ba67a4617bfede75bc81c2e990cfac7581b4aa8b7f43ac16b80",
                "sha256:444ea661de45cf0334131904d717254462d8c974d551caac795f4232920bdb47",
                "sha256:45cb51ac40c48cdcaaf873a7a7cb9231e3a3f561c5cc4af6e8ab43bf7601c02a",
                "sha256:47aba4c789842d9e408162d483ba9fa7f681fa996607e935cbdcb3b23b16dab9",
                "sha256:4907793f6186df1ed20a828d8315bfd25376924b92bc8bf7ae27548e498bd567",
                "sha256:4a7b21de1684a2ebbeb2fbd9b03495a9d7787305e46c6ec42c6340fc647e37d5",
                "sha256:4b40fc5904e8053ac9e4f5b0e9af949bc276098f14a46e992ab072a3d706675a",
                "sha256:4e1a12c4a2dc42c74981b39f35ebf8372dc78281ea7d5ded9ef91ed3e6501bce",
                "sha256:53467e07da630e31bcbe741616b2a006c11236e63688ad69324b8f71bf035b8b",
                "sha256:59a3407643acbcf697309b3b7d346f59d9ba4527a2a02a4fc1417766a2e2af8a",
                "sha256:5b3ffee8a0f48cfb6670533463efd0aa529833bfb747e6c7077229e1a253a7c1",
                "sha256:6616eaa330fc925f15bc796efefeb45fb262213422d1274656d062359cf707c0",
                "sha256:67768f54ee4ff5c6811d505d14d22bc5e98b04743a12ee79637e06caec4cc7db",
                "sha256:6d59b7f535c6e9ce10fbdb09e31589fa5aba19e867275578087bd1a243b47b56",
                "sha256:71e47154e72eadd210b204c696b6ab65fd685ea08aabb6e434dc8060220168f3",
                "sha256:760b994c3ddc68e6c5e750484e4c6a687e5b1c2f73d791834feb1ca6a9efc79c",
                "sha256:82a9ff8ec847ffba78087dfcc42e78869d7c19f89f91e838d2ad35e70b00a51f",
                "sha256:888f166b3feb1a19a1d616fe799ad648d1be85586cb49480e4b65c3f6b217d5a",
                "sha256:8a40d5a10a7a6ae5c379f9ac099f55eab9dac4dcfed79b34df37ad84137dc6a7",
                "sha256:8b3b0ff70afe08d5e7a719e69bc48ae4643fa7301cdab642bddbdf014190b651",
                "sha256:8c755419ba9fbcd87a62837b6388456b3684c5efc41df03ac3f4c42229e84459",
                "sha256:8d9b1a38b5f1346c19b6fc5595998435b0327426a6f54597653eb4fe24f737c6",
                "sha256:8e0207dc216dc04b70781c84ddaa198caff01ced30307340cc5878f69ef4bb72",
                "sha256:946c98e168fe2c54335915ed1d82a162257d9943e84af1e8ddc741bdfba78c23",
                "sha256:948ab99c751149a612a3b432d400d5f26819589598eab75e083c3e98858f13b0",
                "sha256:96349901b73c0f21e9eee04b0422ca122772d9b7e71afe0535ce464c0fa046cf",
                "sha256:96628ba384dc07af9df51d8ee0828ed0118b9229d9a78c1b70198313ec621033",
                "sha256:96d247ea2a18e2307e3fd0b3860e1bca847df534d7f4cd2fc3525eaa10c71571",
                "sha256:99a586d7dbad835352d6c3b6c4ae56c9fdffda800c74d2986513a2c514a35c6c",
                "sha256:9c42d44ed2fdf14b5ba3fc1461bc124031de59ee2750642205a55820f81c17ea",
                "sha256:9ec03f7f2c62fd7c8516448ded95c022d83b802a847e1d5c5da30b602f481f5e",
                "sha256:a1cdb85c001a021634ea326c095cc2cf08a287ae55ad1e9376be5ff6e9ab7e30",
                "sha256:a51d5a83213c05fb975dbdedd4406c165c7657eabe92cb1f9441e881bfd17874",
                "sha256:a5acc515aef399ddcfb59d1e6414f8ae9fc559d8068319cad6e4154d2348ea68",
                "sha256:a77de26a65ec87b2ec981b9fc50527e43238f0cc840fec3a8ba9789112a77cad",
                "sha256:aa01d4c2bfb7b6f78d0ac7e5796cdc7dcd93cb74d0f6eefa14f0ce15ffdc287c",
                "sha256:aa9308649feff2acf29057fbc7bc26cfd0482b80060375e12fe2dfae4a6c2eb8",
                "sha256:acdd9d5f39e12a6519a38609a144ccee67d24a9991f21c64d4f92806503a3e1a",
                "sha256:ae19845478ed4f307560b72608e723b5ea1702cb87c1c1479e372d1787203dda",
                "sha256:af1a820a8046bad8e326db5a829057b2eb601127ee33360056158ef7c437460b",
                "sha256:b27d5267d92b2741d4864a463ad9f1c941aa44b6f8dce420bc620946169a1cac",
                "sha256:b47fa4aa6cb0a7e0a09822e7f362a14afd9786d030e8485b92aa10ad13732e34",
                "sha256:b9ece08b4a0df42002ebf9f23e521c74ec924f3d1542254056efc271fe611b91",
                "sha256:bb02e326d3e925d2f22c7ea6db495b59cf81b8e0f9f841d72bc0eab7be59a08c",
                "sha256:be18700d55e63a7cdc9e92a5592196105b8787859f21058f7972989e9c7153a1",
                "sha256:be73e5592a392fcb255d1e161cdfa4e78e0f9d3a9da6d9cf1cb3a2e11d110763",
                "sha256:bfb6a285c9a803540dcf3d1d4dfb99420c8ea0cf5fce89bf89abddd79b630252",
                "sha256:c51adab2bb16850f4bc6ac51c7d753d3f7d08ad6005802bd31e4657873f5c94c",
                "sha256:c63b4add6cb4dc9d2998ab523c259a30b6f1d28651b39a10e0b128abd05544b4",
                "sha256:c83de7177df8d47263494c03670e3b8a8e7b99864c1123c1efb836f6c96755cc",
                "sha256:c988766c3076ca2360ba7b41ed4df903a810e20e84b58fd00878865558dafe6f",
                "sha256:d33d8868898bbbf8f6ae28af8659eb6b182ae1599feb3ef47237c6393366fbc9",
                "sha256:d5843b827d48d16e1f0d2c8e93c62a10cda71f509b5a49947bb61fcb19d7abce",
                "sha256:d744dfc4841022505279a7d33c19247f93570e023c15202b2c32e98f61eeaed3",
                "sha256:d8e9244d1f115f29f14a261b8a03f2d8932a8dc1ff066c5b362df2d56c0e5109",
                "sha256:ddd2fc8b37641d7ac0c6bd085bc6c036b64337a2b7065044c5cc76e74824c36e",
                "sha256:de5ffed29aa4461e269a7567211e730ec20eec0b47a87854639cd69fbe8c3e9f",
                "sha256:e1c542d43857f75209e3f36354ad6846d143cfc0fe71886d661cd9ec5388cdef",
                "sha256:e47f484e7302c804fb002f8a7b9749e4a51a412449b6a39ca31ff23b889d3fc3",
                "sha256:e5e71fffd7ef3716d7df4338432dbd60ca2d81ad2830ff97ed4c6aea563f47d3",
                "sha256:e722759a66aa571c801cec3777412f1172380c5d5761637f22d920893d24d194",
                "sha256:e835aa2c484ac5d8d1b6c2efefbbbf1bbe2f48ed8adec9c42d6f2df2eb07f93d",
                "sha256:ea3d22795f09e8cd4c4ac5ff2fe50fa32bd01fa2b48ac5d46479082325d40680",
                "sha256:ef29fa64514a17bbc104693acf094e3fef5e98c2ddf58e9777f673fc6b0c5e97",
                "sha256:f177934d33c7b649dc99663642b1a33094af3447e00eb9a1e3eebd9b02ac2158",
                "sha256:f3da48aee9e0e5567a3bd23a5ee5cc9457fb60cf7af2ecb8b64317fedfc95231",
                "sha256:f64fdf846e42d77e0dd4dfb90b335f01b2b35aef470b81393c71ce0dd2781eab",
                "sha256:f9763c409a2aa111fc0f7bb8cda00e2e3bcbac64830f9f529753d635d1ee8d56",
                "sha256:fa6f798ae72572d35eddd3bed98c91d7c74b218d4ed6ce8d729639dcb7d063af",
                "sha256:fb586379ddb3418099fce5949fae1377ecc47139aa34c450d7018ff9a995aeb7",
                "sha256:fd817f2d213c6f1ee104f4805812c6e348984769f15404382ab885a9f2a9e56f",
                "sha256:fde3feff99b8d83708cd828efc0603e7d92e447bf01b30b72448e411645cc8e8"
            ],
            "markers": "python_version >= '3.8'",
            "version": "==0.8.11"
        },
        "urllib3": {
            "hashes": [
                "sha256:48e7fafa40319d358848e1bc6809b208340fafe2096f1725d05d67443d0483d1",
                "sha256:bee28b5e56addb8226c96f7f13ac28cb4c301dd5ea8a6ca179c0b9835e032825"
            ],
            "markers": "python_version >= '3.7'",
            "version": "==2.0.3"
        }
    },
    "develop": {}
}
